// !$*UTF8*$!
{
	archiveVersion = 1;
	classes = {
	};
	objectVersion = 77;
	objects = {

/* Begin PBXBuildFile section */
		0159E05215D84BF0B2369962 /* AppearanceResolverTests.swift in Sources */ = {isa = PBXBuildFile; fileRef = 749D379E8DB64607834CA1E0 /* AppearanceResolverTests.swift */; };
		0937E1860D1E419D976EFA11 /* HybridMusicAPITests.swift in Sources */ = {isa = PBXBuildFile; fileRef = 1F25A9396A62497892BAE967 /* HybridMusicAPITests.swift */; };
		16E1BCAA737144BAA7AB627F /* GRDB in Frameworks */ = {isa = PBXBuildFile; productRef = 23C312EB2E7806AB00342F7C /* GRDB */; };
		1785EE9EA7D649388F552CDD /* DiscogsAPITests.swift in Sources */ = {isa = PBXBuildFile; fileRef = 145FEC71F24C4ECFA8D5056E /* DiscogsAPITests.swift */; };
		230D66372E894889007C642A /* SFBAudioEngine in Frameworks */ = {isa = PBXBuildFile; productRef = 230D66362E894889007C642A /* SFBAudioEngine */; };
		2312D61A2E6090E4007F756D /* GRDB in Frameworks */ = {isa = PBXBuildFile; productRef = 2312D6192E6090E4007F756D /* GRDB */; };
		239B247D2EE59BEC009F83F1 /* WidgetKit.framework in Frameworks */ = {isa = PBXBuildFile; fileRef = 239B247C2EE59BEC009F83F1 /* WidgetKit.framework */; };
		239B247F2EE59BEC009F83F1 /* SwiftUI.framework in Frameworks */ = {isa = PBXBuildFile; fileRef = 239B247E2EE59BEC009F83F1 /* SwiftUI.framework */; };
		239B24902EE59BED009F83F1 /* PlayerWidgetExtension.appex in Embed Foundation Extensions */ = {isa = PBXBuildFile; fileRef = 239B247B2EE59BEC009F83F1 /* PlayerWidgetExtension.appex */; settings = {ATTRIBUTES = (RemoveHeadersOnCopy, ); }; };
		23AF813F2E71E15D0005527C /* Share.appex in Embed Foundation Extensions */ = {isa = PBXBuildFile; fileRef = 23AF81352E71E15D0005527C /* Share.appex */; settings = {ATTRIBUTES = (RemoveHeadersOnCopy, ); }; };
		23C312DD2E78015500342F7C /* Intents.framework in Frameworks */ = {isa = PBXBuildFile; fileRef = 23C312DC2E78015500342F7C /* Intents.framework */; };
		23C312E42E78015500342F7C /* SiriIntentsExtension.appex in Embed Foundation Extensions */ = {isa = PBXBuildFile; fileRef = 23C312DA2E78015500342F7C /* SiriIntentsExtension.appex */; settings = {ATTRIBUTES = (RemoveHeadersOnCopy, ); }; };
		23C312EC2E7806AB00342F7C /* GRDB in Frameworks */ = {isa = PBXBuildFile; productRef = 23C312EB2E7806AB00342F7C /* GRDB */; };
		23D82A5DA49496D9E0370887 /* IdentifiedRowTests.swift in Sources */ = {isa = PBXBuildFile; fileRef = A19C99C3D410D8854B01C0CF /* IdentifiedRowTests.swift */; };
		2437A464FF244D84B4247248 /* GenreParsingTests.swift in Sources */ = {isa = PBXBuildFile; fileRef = 84856156762B44449849B90C /* GenreParsingTests.swift */; };
		26405C6B916442DD89637772 /* MusicBrainzClientTests.swift in Sources */ = {isa = PBXBuildFile; fileRef = 6EB4AC50856B4C358B306CF3 /* MusicBrainzClientTests.swift */; };
		3E7AA689098645E3B0673D46 /* TestAudioFixtures.swift in Sources */ = {isa = PBXBuildFile; fileRef = B2AA1B790B624C0DB6AC599A /* TestAudioFixtures.swift */; };
		43259368C3DB42DCB3BAA37A /* KaraokeControllerTests.swift in Sources */ = {isa = PBXBuildFile; fileRef = 21702C2548494B02886D5344 /* KaraokeControllerTests.swift */; };
		46624DEF47FDBF724404E5E0 /* Foundation.framework in Frameworks */ = {isa = PBXBuildFile; fileRef = 0E0A264D696DB89EB255BEA4 /* Foundation.framework */; };
		48E5E03B86B64263A8027793 /* BuiltinEQPresetsTests.swift in Sources */ = {isa = PBXBuildFile; fileRef = 83039885CC054BB9B356E6EF /* BuiltinEQPresetsTests.swift */; };
		493CDCE26A354328B23160B5 /* ScrapeLogicTests.swift in Sources */ = {isa = PBXBuildFile; fileRef = E512404FBD414617AA1CCAFE /* ScrapeLogicTests.swift */; };
		4E4849B26C9142B8A27FCAE1 /* DatabasePathResolverTests.swift in Sources */ = {isa = PBXBuildFile; fileRef = 09BA4C067F2B43F4A9FBF149 /* DatabasePathResolverTests.swift */; };
		50455E615D9FAE84C741EB6E /* FormatInfoTests.swift in Sources */ = {isa = PBXBuildFile; fileRef = 071C4A9B25AFB9B772D8625E /* FormatInfoTests.swift */; };
		5C3389AA47637899080AFA31 /* EQFrequencyTests.swift in Sources */ = {isa = PBXBuildFile; fileRef = 95D963241E1B89FFA0906475 /* EQFrequencyTests.swift */; };
		5DD1433176A94929971A3F64 /* MacIndexingGateTests.swift in Sources */ = {isa = PBXBuildFile; fileRef = 2DC7716081AB4D7298E62155 /* MacIndexingGateTests.swift */; };
		61ADA96C0EB749499052A4CF /* MacFolderWatchPolicyTests.swift in Sources */ = {isa = PBXBuildFile; fileRef = DEF8F882540A40F3A0F3DCC4 /* MacFolderWatchPolicyTests.swift */; };
		664B6BEF05384F2098030629 /* SmartPlaylistDataTests.swift in Sources */ = {isa = PBXBuildFile; fileRef = B51C1329002F4C3E963D14AC /* SmartPlaylistDataTests.swift */; };
		667F37CD3A564FC66FC620E4 /* PlaybackOrderModeTests.swift in Sources */ = {isa = PBXBuildFile; fileRef = 0AE00850E1369590B0BB09C7 /* PlaybackOrderModeTests.swift */; };
		6CC3183EEB974716AC10BD10 /* ModelsRoundTripTests.swift in Sources */ = {isa = PBXBuildFile; fileRef = 9706677182164C8987546D81 /* ModelsRoundTripTests.swift */; };
		6D7BB1D7A40944FD897AE350 /* PlayHistoryCleanupTests.swift in Sources */ = {isa = PBXBuildFile; fileRef = ADB2386BA4DB497A8C3193F9 /* PlayHistoryCleanupTests.swift */; };
		7C6C6B669A1CC3E35BBFAA8F /* AppearanceThemeTests.swift in Sources */ = {isa = PBXBuildFile; fileRef = C33DFA0B97C4C99D73B551FA /* AppearanceThemeTests.swift */; };
		8002132EC97144E5830D01AA /* ArtistNameNormalizerTests.swift in Sources */ = {isa = PBXBuildFile; fileRef = C8CA665B2F1644A58CD4A39B /* ArtistNameNormalizerTests.swift */; };
		894B5013D4F245E7A321C78B /* MusicAPIMockSupport.swift in Sources */ = {isa = PBXBuildFile; fileRef = F61CF6A266D54083A0F86E76 /* MusicAPIMockSupport.swift */; };
		8B39816A2390441EA17F4B87 /* LyricsLRCLibFallbackTests.swift in Sources */ = {isa = PBXBuildFile; fileRef = 84F56C1D13EF47CCADFACA84 /* LyricsLRCLibFallbackTests.swift */; };
		908024B804AD4AB99325E36B /* MacPlaybackGateTests.swift in Sources */ = {isa = PBXBuildFile; fileRef = F678A568561549268E2A63CD /* MacPlaybackGateTests.swift */; };
		90EF4EE0ACCD4186B034413C /* MockURLProtocol.swift in Sources */ = {isa = PBXBuildFile; fileRef = B7B70769B69D4FA3BD8ACBA0 /* MockURLProtocol.swift */; };
		A1D0117D952345D1B1D9D76F /* SmartPlaylistUILogicTests.swift in Sources */ = {isa = PBXBuildFile; fileRef = B2AE1DBB52BD462D8FAA704D /* SmartPlaylistUILogicTests.swift */; };
		A1E2F3A4B5C6D7E8F9A0B1C2 /* ArtworkExtractionTests.swift in Sources */ = {isa = PBXBuildFile; fileRef = C3D4E5F6A7B8C9D0E1F2A3B4 /* ArtworkExtractionTests.swift */; };
		A3F6318079D84C76832E906B /* MacImportNamingTests.swift in Sources */ = {isa = PBXBuildFile; fileRef = 4265076E7177434ABAE3F541 /* MacImportNamingTests.swift */; };
		A7B1EF33208A478896011764 /* SpotifyAPITests.swift in Sources */ = {isa = PBXBuildFile; fileRef = 6C4DA91270EB4FC2A4AF992C /* SpotifyAPITests.swift */; };
		B1A000000000000000000002 /* GRDB in Frameworks */ = {isa = PBXBuildFile; productRef = 2312D6192E6090E4007F756D /* GRDB */; };
		B1A000000000000000000003 /* SFBAudioEngine in Frameworks */ = {isa = PBXBuildFile; productRef = 230D66362E894889007C642A /* SFBAudioEngine */; };
		B1A000000000000000000016 /* en in Resources */ = {isa = PBXBuildFile; fileRef = B1A000000000000000000010 /* en */; };
		B1A000000000000000000017 /* zh-Hans in Resources */ = {isa = PBXBuildFile; fileRef = B1A000000000000000000011 /* zh-Hans */; };
		B1A000000000000000000018 /* zh-Hant in Resources */ = {isa = PBXBuildFile; fileRef = B1A000000000000000000012 /* zh-Hant */; };
		B1A000000000000000000019 /* fr in Resources */ = {isa = PBXBuildFile; fileRef = B1A000000000000000000013 /* fr */; };
		B1A00000000000000000001A /* ru in Resources */ = {isa = PBXBuildFile; fileRef = B1A000000000000000000014 /* ru */; };
		B1C108FAF1AB4B1DBB94FE9B /* WhatsNewTests.swift in Sources */ = {isa = PBXBuildFile; fileRef = 0399BDBD88CA4F6C9D2D731E /* WhatsNewTests.swift */; };
		B723A369BE654B609494CF58 /* MacOnlineDownloadServiceTests.swift in Sources */ = {isa = PBXBuildFile; fileRef = E14D783B4AEB4D92A91DF32D /* MacOnlineDownloadServiceTests.swift */; };
		B97C5DF1A6084DF592777461 /* LibraryAudioFormatsTests.swift in Sources */ = {isa = PBXBuildFile; fileRef = 29106FE3DED649BD9D9CAFE2 /* LibraryAudioFormatsTests.swift */; };
		BD9D2F0C5F244AF7B19EA365 /* TagRenameLogicTests.swift in Sources */ = {isa = PBXBuildFile; fileRef = 96597A96BFB54987AF618F36 /* TagRenameLogicTests.swift */; };
		C21A43E3C4B1AEB96EDDE12E /* ModelCodableTests.swift in Sources */ = {isa = PBXBuildFile; fileRef = C6713EFB0F4A28ACE3266FB2 /* ModelCodableTests.swift */; };
		CA3755439F62402997608072 /* LyricsSearchCacheTests.swift in Sources */ = {isa = PBXBuildFile; fileRef = 478898B985884E89AA416C7F /* LyricsSearchCacheTests.swift */; };
		CD0AFF2F6F2944CFB8174D62 /* HintSystemTests.swift in Sources */ = {isa = PBXBuildFile; fileRef = 13B0714450B5432D9103647E /* HintSystemTests.swift */; };
		DD25E8BCF490415CAF2818C0 /* InterruptionResumePolicyTests.swift in Sources */ = {isa = PBXBuildFile; fileRef = 7D39DE9FAECA4B4799C0FA6D /* InterruptionResumePolicyTests.swift */; };
		DE811C835A3747DCBDDC515D /* TagWriterTests.swift in Sources */ = {isa = PBXBuildFile; fileRef = 1D82493F629B43819C248996 /* TagWriterTests.swift */; };
		E3D3FAA3E201F1DE4FE3B65D /* NeteaseLyricsTests.swift in Sources */ = {isa = PBXBuildFile; fileRef = 19B7AAE18404DCD10ACFCD87 /* NeteaseLyricsTests.swift */; };
		EE49A8EDD4423396C78DABE2 /* StableIdTests.swift in Sources */ = {isa = PBXBuildFile; fileRef = 6793C3A51095FE68378E031D /* StableIdTests.swift */; };
		F1BB63FBDDBA0BCECD86FF7F /* LyricsSearchTests.swift in Sources */ = {isa = PBXBuildFile; fileRef = 7BACA99F9A82CD834AFABADD /* LyricsSearchTests.swift */; };
		F5EA698EDC0C4A428FB7E77E /* QueueReorderMathTests.swift in Sources */ = {isa = PBXBuildFile; fileRef = 5F3F0AF2AAB04E498EC02738 /* QueueReorderMathTests.swift */; };
		FBF36E13AEB04A2196326383 /* NeteaseOnlineClientTests.swift in Sources */ = {isa = PBXBuildFile; fileRef = 979DA904F7D24001BB613FA9 /* NeteaseOnlineClientTests.swift */; };
		FDE46537E071CEBB0C1EE7EC /* PlayerGestureLogicTests.swift in Sources */ = {isa = PBXBuildFile; fileRef = EFEBABE2EEDADE3CF1549D8A /* PlayerGestureLogicTests.swift */; };
/* End PBXBuildFile section */

/* Begin PBXContainerItemProxy section */
		239B248E2EE59BED009F83F1 /* PBXContainerItemProxy */ = {
			isa = PBXContainerItemProxy;
			containerPortal = 2312D6042E6090E2007F756D /* Project object */;
			proxyType = 1;
			remoteGlobalIDString = 239B247A2EE59BEC009F83F1;
			remoteInfo = PlayerWidgetExtension;
		};
		23AF813D2E71E15D0005527C /* PBXContainerItemProxy */ = {
			isa = PBXContainerItemProxy;
			containerPortal = 2312D6042E6090E2007F756D /* Project object */;
			proxyType = 1;
			remoteGlobalIDString = 23AF81342E71E15D0005527C;
			remoteInfo = Share;
		};
		23C312E22E78015500342F7C /* PBXContainerItemProxy */ = {
			isa = PBXContainerItemProxy;
			containerPortal = 2312D6042E6090E2007F756D /* Project object */;
			proxyType = 1;
			remoteGlobalIDString = 23C312D92E78015500342F7C;
			remoteInfo = SiriIntentsExtension;
		};
		7E57AB1E000000000000000A /* PBXContainerItemProxy */ = {
			isa = PBXContainerItemProxy;
			containerPortal = 2312D6042E6090E2007F756D /* Project object */;
			proxyType = 1;
			remoteGlobalIDString = 2312D60B2E6090E2007F756D;
			remoteInfo = QQPlayer;
		};
		BA18890A696F326C8CA4F998 /* PBXContainerItemProxy */ = {
			isa = PBXContainerItemProxy;
			containerPortal = 2312D6042E6090E2007F756D /* Project object */;
			proxyType = 1;
			remoteGlobalIDString = 2312D60B2E6090E2007F756D;
			remoteInfo = QQPlayer;
		};
/* End PBXContainerItemProxy section */

/* Begin PBXCopyFilesBuildPhase section */
		2350781F2E6CA04400A3B255 /* Embed Foundation Extensions */ = {
			isa = PBXCopyFilesBuildPhase;
			buildActionMask = 2147483647;
			dstPath = "";
			dstSubfolderSpec = 13;
			files = (
				23AF813F2E71E15D0005527C /* Share.appex in Embed Foundation Extensions */,
				23C312E42E78015500342F7C /* SiriIntentsExtension.appex in Embed Foundation Extensions */,
				239B24902EE59BED009F83F1 /* PlayerWidgetExtension.appex in Embed Foundation Extensions */,
			);
			name = "Embed Foundation Extensions";
			runOnlyForDeploymentPostprocessing = 0;
		};
/* End PBXCopyFilesBuildPhase section */

/* Begin PBXFileReference section */
		0399BDBD88CA4F6C9D2D731E /* WhatsNewTests.swift */ = {isa = PBXFileReference; includeInIndex = 1; lastKnownFileType = sourcecode.swift; path = WhatsNewTests.swift; sourceTree = "<group>"; };
		071C4A9B25AFB9B772D8625E /* FormatInfoTests.swift */ = {isa = PBXFileReference; includeInIndex = 1; lastKnownFileType = sourcecode.swift; path = FormatInfoTests.swift; sourceTree = "<group>"; };
		09BA4C067F2B43F4A9FBF149 /* DatabasePathResolverTests.swift */ = {isa = PBXFileReference; includeInIndex = 1; lastKnownFileType = sourcecode.swift; path = DatabasePathResolverTests.swift; sourceTree = "<group>"; };
		0AE00850E1369590B0BB09C7 /* PlaybackOrderModeTests.swift */ = {isa = PBXFileReference; includeInIndex = 1; lastKnownFileType = sourcecode.swift; path = PlaybackOrderModeTests.swift; sourceTree = "<group>"; };
		0E0A264D696DB89EB255BEA4 /* Foundation.framework */ = {isa = PBXFileReference; lastKnownFileType = wrapper.framework; name = Foundation.framework; path = Platforms/iPhoneOS.platform/Developer/SDKs/iPhoneOS26.0.sdk/System/Library/Frameworks/Foundation.framework; sourceTree = DEVELOPER_DIR; };
		13B0714450B5432D9103647E /* HintSystemTests.swift */ = {isa = PBXFileReference; includeInIndex = 1; lastKnownFileType = sourcecode.swift; path = HintSystemTests.swift; sourceTree = "<group>"; };
		145FEC71F24C4ECFA8D5056E /* DiscogsAPITests.swift */ = {isa = PBXFileReference; includeInIndex = 1; lastKnownFileType = sourcecode.swift; path = DiscogsAPITests.swift; sourceTree = "<group>"; };
		19B7AAE18404DCD10ACFCD87 /* NeteaseLyricsTests.swift */ = {isa = PBXFileReference; includeInIndex = 1; lastKnownFileType = sourcecode.swift; path = NeteaseLyricsTests.swift; sourceTree = "<group>"; };
		1D82493F629B43819C248996 /* TagWriterTests.swift */ = {isa = PBXFileReference; includeInIndex = 1; lastKnownFileType = sourcecode.swift; path = TagWriterTests.swift; sourceTree = "<group>"; };
		1F25A9396A62497892BAE967 /* HybridMusicAPITests.swift */ = {isa = PBXFileReference; includeInIndex = 1; lastKnownFileType = sourcecode.swift; path = HybridMusicAPITests.swift; sourceTree = "<group>"; };
		21702C2548494B02886D5344 /* KaraokeControllerTests.swift */ = {isa = PBXFileReference; includeInIndex = 1; lastKnownFileType = sourcecode.swift; path = KaraokeControllerTests.swift; sourceTree = "<group>"; };
		2312D60C2E6090E2007F756D /* QQPlayer.app */ = {isa = PBXFileReference; explicitFileType = wrapper.application; includeInIndex = 0; path = QQPlayer.app; sourceTree = BUILT_PRODUCTS_DIR; };
		239B247B2EE59BEC009F83F1 /* PlayerWidgetExtension.appex */ = {isa = PBXFileReference; explicitFileType = "wrapper.app-extension"; includeInIndex = 0; path = PlayerWidgetExtension.appex; sourceTree = BUILT_PRODUCTS_DIR; };
		239B247C2EE59BEC009F83F1 /* WidgetKit.framework */ = {isa = PBXFileReference; lastKnownFileType = wrapper.framework; name = WidgetKit.framework; path = System/Library/Frameworks/WidgetKit.framework; sourceTree = SDKROOT; };
		239B247E2EE59BEC009F83F1 /* SwiftUI.framework */ = {isa = PBXFileReference; lastKnownFileType = wrapper.framework; name = SwiftUI.framework; path = System/Library/Frameworks/SwiftUI.framework; sourceTree = SDKROOT; };
		239B249A2EE5A20E009F83F1 /* PlayerWidgetExtension.entitlements */ = {isa = PBXFileReference; lastKnownFileType = text.plist.entitlements; path = PlayerWidgetExtension.entitlements; sourceTree = "<group>"; };
		23AF81352E71E15D0005527C /* Share.appex */ = {isa = PBXFileReference; explicitFileType = "wrapper.app-extension"; includeInIndex = 0; path = Share.appex; sourceTree = BUILT_PRODUCTS_DIR; };
		23C312DA2E78015500342F7C /* SiriIntentsExtension.appex */ = {isa = PBXFileReference; explicitFileType = "wrapper.app-extension"; includeInIndex = 0; path = SiriIntentsExtension.appex; sourceTree = BUILT_PRODUCTS_DIR; };
		23C312DC2E78015500342F7C /* Intents.framework */ = {isa = PBXFileReference; lastKnownFileType = wrapper.framework; name = Intents.framework; path = System/Library/Frameworks/Intents.framework; sourceTree = SDKROOT; };
		29106FE3DED649BD9D9CAFE2 /* LibraryAudioFormatsTests.swift */ = {isa = PBXFileReference; includeInIndex = 1; lastKnownFileType = sourcecode.swift; path = LibraryAudioFormatsTests.swift; sourceTree = "<group>"; };
		2DC7716081AB4D7298E62155 /* MacIndexingGateTests.swift */ = {isa = PBXFileReference; includeInIndex = 1; lastKnownFileType = sourcecode.swift; path = MacIndexingGateTests.swift; sourceTree = "<group>"; };
		4265076E7177434ABAE3F541 /* MacImportNamingTests.swift */ = {isa = PBXFileReference; includeInIndex = 1; lastKnownFileType = sourcecode.swift; path = MacImportNamingTests.swift; sourceTree = "<group>"; };
		478898B985884E89AA416C7F /* LyricsSearchCacheTests.swift */ = {isa = PBXFileReference; includeInIndex = 1; lastKnownFileType = sourcecode.swift; path = LyricsSearchCacheTests.swift; sourceTree = "<group>"; };
		5F3F0AF2AAB04E498EC02738 /* QueueReorderMathTests.swift */ = {isa = PBXFileReference; includeInIndex = 1; lastKnownFileType = sourcecode.swift; path = QueueReorderMathTests.swift; sourceTree = "<group>"; };
		6793C3A51095FE68378E031D /* StableIdTests.swift */ = {isa = PBXFileReference; includeInIndex = 1; lastKnownFileType = sourcecode.swift; path = StableIdTests.swift; sourceTree = "<group>"; };
		6C4DA91270EB4FC2A4AF992C /* SpotifyAPITests.swift */ = {isa = PBXFileReference; includeInIndex = 1; lastKnownFileType = sourcecode.swift; path = SpotifyAPITests.swift; sourceTree = "<group>"; };
		6EB4AC50856B4C358B306CF3 /* MusicBrainzClientTests.swift */ = {isa = PBXFileReference; includeInIndex = 1; lastKnownFileType = sourcecode.swift; path = MusicBrainzClientTests.swift; sourceTree = "<group>"; };
		749D379E8DB64607834CA1E0 /* AppearanceResolverTests.swift */ = {isa = PBXFileReference; includeInIndex = 1; lastKnownFileType = sourcecode.swift; path = AppearanceResolverTests.swift; sourceTree = "<group>"; };
		7BACA99F9A82CD834AFABADD /* LyricsSearchTests.swift */ = {isa = PBXFileReference; includeInIndex = 1; lastKnownFileType = sourcecode.swift; path = LyricsSearchTests.swift; sourceTree = "<group>"; };
		7D39DE9FAECA4B4799C0FA6D /* InterruptionResumePolicyTests.swift */ = {isa = PBXFileReference; includeInIndex = 1; lastKnownFileType = sourcecode.swift; path = InterruptionResumePolicyTests.swift; sourceTree = "<group>"; };
		7E57AB1E0000000000000003 /* QQPlayerSiriTests.xctest */ = {isa = PBXFileReference; explicitFileType = wrapper.cfbundle; includeInIndex = 0; path = QQPlayerSiriTests.xctest; sourceTree = BUILT_PRODUCTS_DIR; };
		83039885CC054BB9B356E6EF /* BuiltinEQPresetsTests.swift */ = {isa = PBXFileReference; includeInIndex = 1; lastKnownFileType = sourcecode.swift; path = BuiltinEQPresetsTests.swift; sourceTree = "<group>"; };
		84856156762B44449849B90C /* GenreParsingTests.swift */ = {isa = PBXFileReference; includeInIndex = 1; lastKnownFileType = sourcecode.swift; path = GenreParsingTests.swift; sourceTree = "<group>"; };
		84F56C1D13EF47CCADFACA84 /* LyricsLRCLibFallbackTests.swift */ = {isa = PBXFileReference; includeInIndex = 1; lastKnownFileType = sourcecode.swift; path = LyricsLRCLibFallbackTests.swift; sourceTree = "<group>"; };
		95D963241E1B89FFA0906475 /* EQFrequencyTests.swift */ = {isa = PBXFileReference; includeInIndex = 1; lastKnownFileType = sourcecode.swift; path = EQFrequencyTests.swift; sourceTree = "<group>"; };
		96597A96BFB54987AF618F36 /* TagRenameLogicTests.swift */ = {isa = PBXFileReference; includeInIndex = 1; lastKnownFileType = sourcecode.swift; path = TagRenameLogicTests.swift; sourceTree = "<group>"; };
		9706677182164C8987546D81 /* ModelsRoundTripTests.swift */ = {isa = PBXFileReference; includeInIndex = 1; lastKnownFileType = sourcecode.swift; path = ModelsRoundTripTests.swift; sourceTree = "<group>"; };
		979DA904F7D24001BB613FA9 /* NeteaseOnlineClientTests.swift */ = {isa = PBXFileReference; includeInIndex = 1; lastKnownFileType = sourcecode.swift; path = NeteaseOnlineClientTests.swift; sourceTree = "<group>"; };
		A19C99C3D410D8854B01C0CF /* IdentifiedRowTests.swift */ = {isa = PBXFileReference; includeInIndex = 1; lastKnownFileType = sourcecode.swift; path = IdentifiedRowTests.swift; sourceTree = "<group>"; };
		ADB2386BA4DB497A8C3193F9 /* PlayHistoryCleanupTests.swift */ = {isa = PBXFileReference; includeInIndex = 1; lastKnownFileType = sourcecode.swift; path = PlayHistoryCleanupTests.swift; sourceTree = "<group>"; };
		B1A000000000000000000001 /* QQPlayerMac.app */ = {isa = PBXFileReference; explicitFileType = wrapper.application; includeInIndex = 0; path = QQPlayerMac.app; sourceTree = BUILT_PRODUCTS_DIR; };
		B1A000000000000000000010 /* en */ = {isa = PBXFileReference; lastKnownFileType = text.plist.strings; name = en; path = QQPlayer/Resources/en.lproj/Localizable.strings; sourceTree = "<group>"; };
		B1A000000000000000000011 /* zh-Hans */ = {isa = PBXFileReference; lastKnownFileType = text.plist.strings; name = "zh-Hans"; path = "QQPlayer/Resources/zh-Hans.lproj/Localizable.strings"; sourceTree = "<group>"; };
		B1A000000000000000000012 /* zh-Hant */ = {isa = PBXFileReference; lastKnownFileType = text.plist.strings; name = "zh-Hant"; path = "QQPlayer/Resources/zh-Hant.lproj/Localizable.strings"; sourceTree = "<group>"; };
		B1A000000000000000000013 /* fr */ = {isa = PBXFileReference; lastKnownFileType = text.plist.strings; name = fr; path = QQPlayer/Resources/fr.lproj/Localizable.strings; sourceTree = "<group>"; };
		B1A000000000000000000014 /* ru */ = {isa = PBXFileReference; lastKnownFileType = text.plist.strings; name = ru; path = QQPlayer/Resources/ru.lproj/Localizable.strings; sourceTree = "<group>"; };
		B2AA1B790B624C0DB6AC599A /* TestAudioFixtures.swift */ = {isa = PBXFileReference; includeInIndex = 1; lastKnownFileType = sourcecode.swift; path = TestAudioFixtures.swift; sourceTree = "<group>"; };
		B2AE1DBB52BD462D8FAA704D /* SmartPlaylistUILogicTests.swift */ = {isa = PBXFileReference; includeInIndex = 1; lastKnownFileType = sourcecode.swift; path = SmartPlaylistUILogicTests.swift; sourceTree = "<group>"; };
		B51C1329002F4C3E963D14AC /* SmartPlaylistDataTests.swift */ = {isa = PBXFileReference; includeInIndex = 1; lastKnownFileType = sourcecode.swift; path = SmartPlaylistDataTests.swift; sourceTree = "<group>"; };
		B708099358914775F10BAE5F /* QQPlayerTests.xctest */ = {isa = PBXFileReference; explicitFileType = wrapper.cfbundle; includeInIndex = 0; path = QQPlayerTests.xctest; sourceTree = BUILT_PRODUCTS_DIR; };
		B7B70769B69D4FA3BD8ACBA0 /* MockURLProtocol.swift */ = {isa = PBXFileReference; includeInIndex = 1; lastKnownFileType = sourcecode.swift; path = MockURLProtocol.swift; sourceTree = "<group>"; };
		C33DFA0B97C4C99D73B551FA /* AppearanceThemeTests.swift */ = {isa = PBXFileReference; includeInIndex = 1; lastKnownFileType = sourcecode.swift; path = AppearanceThemeTests.swift; sourceTree = "<group>"; };
		C3D4E5F6A7B8C9D0E1F2A3B4 /* ArtworkExtractionTests.swift */ = {isa = PBXFileReference; includeInIndex = 1; lastKnownFileType = sourcecode.swift; path = ArtworkExtractionTests.swift; sourceTree = "<group>"; };
		C6713EFB0F4A28ACE3266FB2 /* ModelCodableTests.swift */ = {isa = PBXFileReference; includeInIndex = 1; lastKnownFileType = sourcecode.swift; path = ModelCodableTests.swift; sourceTree = "<group>"; };
		C8CA665B2F1644A58CD4A39B /* ArtistNameNormalizerTests.swift */ = {isa = PBXFileReference; includeInIndex = 1; lastKnownFileType = sourcecode.swift; path = ArtistNameNormalizerTests.swift; sourceTree = "<group>"; };
		DEF8F882540A40F3A0F3DCC4 /* MacFolderWatchPolicyTests.swift */ = {isa = PBXFileReference; includeInIndex = 1; lastKnownFileType = sourcecode.swift; path = MacFolderWatchPolicyTests.swift; sourceTree = "<group>"; };
		E14D783B4AEB4D92A91DF32D /* MacOnlineDownloadServiceTests.swift */ = {isa = PBXFileReference; includeInIndex = 1; lastKnownFileType = sourcecode.swift; path = MacOnlineDownloadServiceTests.swift; sourceTree = "<group>"; };
		E512404FBD414617AA1CCAFE /* ScrapeLogicTests.swift */ = {isa = PBXFileReference; includeInIndex = 1; lastKnownFileType = sourcecode.swift; path = ScrapeLogicTests.swift; sourceTree = "<group>"; };
		EFEBABE2EEDADE3CF1549D8A /* PlayerGestureLogicTests.swift */ = {isa = PBXFileReference; includeInIndex = 1; lastKnownFileType = sourcecode.swift; path = PlayerGestureLogicTests.swift; sourceTree = "<group>"; };
		F61CF6A266D54083A0F86E76 /* MusicAPIMockSupport.swift */ = {isa = PBXFileReference; includeInIndex = 1; lastKnownFileType = sourcecode.swift; path = MusicAPIMockSupport.swift; sourceTree = "<group>"; };
		F678A568561549268E2A63CD /* MacPlaybackGateTests.swift */ = {isa = PBXFileReference; includeInIndex = 1; lastKnownFileType = sourcecode.swift; path = MacPlaybackGateTests.swift; sourceTree = "<group>"; };
/* End PBXFileReference section */

/* Begin PBXFileSystemSynchronizedBuildFileExceptionSet section */
		2312D6502E6090E2007F756D /* Exceptions for "QQPlayer" folder in "QQPlayer" target */ = {
			isa = PBXFileSystemSynchronizedBuildFileExceptionSet;
			membershipExceptions = (
				Info.plist,
				Mac/MacAlbumArtistViews.swift,
				Mac/MacAppearance.swift,
				Mac/MacArtworkThumbnail.swift,
				Mac/MacEQImportView.swift,
				Mac/MacEQSettingsView.swift,
				Mac/MacFolderMonitor.swift,
				Mac/MacGraphicEQ10BandEditorView.swift,
				Mac/MacHelpers.swift,
				Mac/MacImportService.swift,
				Mac/MacKeyboardShortcuts.swift,
				Mac/MacLibraryView.swift,
				Mac/MacLyricsSearchView.swift,
				Mac/MacLyricsView.swift,
				Mac/MacManualEQEditorView.swift,
				Mac/MacOnlineSearchView.swift,
				Mac/MacOnlineSettingsView.swift,
				Mac/MacPlayerView.swift,
				Mac/MacPlaylistDetailSheet.swift,
				Mac/MacScanLogger.swift,
				Mac/MacScrapeSettingsView.swift,
				Mac/MacSearchAnythingLayer.swift,
				Mac/MacSearchView.swift,
				Mac/MacSettingsView.swift,
				Mac/MacSmartPlaylistViews.swift,
				Mac/MacSpectrumAnalyzer.swift,
				Mac/MacTagEditorView.swift,
				Mac/MacTrackListView.swift,
				Mac/MacVisualizerView.swift,
				QQPlayerMacApp.swift,
			);
			target = 2312D60B2E6090E2007F756D /* QQPlayer */;
		};
		239B24A22EE5F806009F83F1 /* Exceptions for "QQPlayer" folder in "PlayerWidgetExtension" target */ = {
			isa = PBXFileSystemSynchronizedBuildFileExceptionSet;
			membershipExceptions = (
				Models/WidgetData.swift,
			);
			target = 239B247A2EE59BEC009F83F1 /* PlayerWidgetExtension */;
		};
		23AF81432E71E15D0005527C /* Exceptions for "Share" folder in "Share" target */ = {
			isa = PBXFileSystemSynchronizedBuildFileExceptionSet;
			membershipExceptions = (
				Info.plist,
			);
			target = 23AF81342E71E15D0005527C /* Share */;
		};
		23C312E82E78015500342F7C /* Exceptions for "SiriIntentsExtension" folder in "SiriIntentsExtension" target */ = {
			isa = PBXFileSystemSynchronizedBuildFileExceptionSet;
			membershipExceptions = (
				Info.plist,
			);
			target = 23C312D92E78015500342F7C /* SiriIntentsExtension */;
		};
		23FE5A582EE63B460027CEE8 /* Exceptions for "PlayerWidget" folder in "PlayerWidgetExtension" target */ = {
			isa = PBXFileSystemSynchronizedBuildFileExceptionSet;
			membershipExceptions = (
				Info.plist,
			);
			target = 239B247A2EE59BEC009F83F1 /* PlayerWidgetExtension */;
		};
		B1A00000000000000000000B /* Exceptions for "QQPlayer" folder in "QQPlayerMac" target */ = {
			isa = PBXFileSystemSynchronizedBuildFileExceptionSet;
			membershipExceptions = (
				Assets.xcassets,
				Helpers/EnvironmentLoader.swift,
				Helpers/LocalizationHelper.swift,
				Helpers/ObjCExceptionCatcher.m,
				Mac/MacAlbumArtistViews.swift,
				Mac/MacAppearance.swift,
				Mac/MacArtworkThumbnail.swift,
				Mac/MacEQImportView.swift,
				Mac/MacEQSettingsView.swift,
				Mac/MacFolderMonitor.swift,
				Mac/MacGraphicEQ10BandEditorView.swift,
				Mac/MacHelpers.swift,
				Mac/MacImportService.swift,
				Mac/MacKeyboardShortcuts.swift,
				Mac/MacLibraryView.swift,
				Mac/MacLyricsSearchView.swift,
				Mac/MacLyricsView.swift,
				Mac/MacManualEQEditorView.swift,
				Mac/MacOnlineSearchView.swift,
				Mac/MacOnlineSettingsView.swift,
				Mac/MacPlayerView.swift,
				Mac/MacPlaylistDetailSheet.swift,
				Mac/MacScanLogger.swift,
				Mac/MacScrapeSettingsView.swift,
				Mac/MacSearchAnythingLayer.swift,
				Mac/MacSearchView.swift,
				Mac/MacSettingsView.swift,
				Mac/MacSmartPlaylistViews.swift,
				Mac/MacSpectrumAnalyzer.swift,
				Mac/MacTagEditorView.swift,
				Mac/MacTrackListView.swift,
				Mac/MacVisualizerView.swift,
				Models/AppearanceTheme.swift,
				Models/DatabaseModels.swift,
				Models/SettingsModels.swift,
				Models/SFBTrack.swift,
				Models/StateModels.swift,
				Models/WidgetData.swift,
				Services/MP4EmptyCovrStripper.swift,
				QQPlayerMacApp.swift,
				Services/AppCoordinator.swift,
				"Services/AppCoordinator+iCloud.swift",
				"Services/AppCoordinator+ImportExport.swift",
				Services/AppCoordinatorModels.swift,
				Services/ArtistNameNormalizer.swift,
				Services/ArtworkCache.swift,
				Services/ArtworkExtraction.swift,
				Services/ArtworkManager.swift,
				Services/AudioMetadataParser.swift,
				"Services/AudioMetadataParser+Basic.swift",
				"Services/AudioMetadataParser+DSD.swift",
				"Services/AudioMetadataParser+FLAC.swift",
				"Services/AudioMetadataParser+MP3WAV.swift",
				Services/BuiltinEQPresets.swift,
				Services/CloudDownloadError.swift,
				Services/CloudDownloadManager.swift,
				Services/DatabaseManager.swift,
				"Services/DatabaseManager+Library.swift",
				"Services/DatabaseManager+Playlists.swift",
				"Services/DatabaseManager+Tracks.swift",
				Services/DatabasePathResolver.swift,
				Services/DiscogsAPI.swift,
				Services/EQManager.swift,
				Services/EQModels.swift,
				Services/FileCleanupManager.swift,
				Services/HintSystem.swift,
				Services/HybridMusicAPI.swift,
				Services/InterruptionDiagnostics.swift,
				Services/KaraokeController.swift,
				Services/LibraryIndexer.swift,
				Services/LyricsManager.swift,
				Services/LyricsModels.swift,
				Services/LyricsParsing.swift,
				Services/LyricsSearch.swift,
				Services/LyricsSearchCache.swift,
				Services/LyricsSearchProvider.swift,
				Services/MacFolderWatchPolicy.swift,
				Services/MacImportNaming.swift,
				Services/MacIndexingGate.swift,
				Services/MacOnlineDownloadService.swift,
				Services/MacPlaybackGate.swift,
				Services/MusicBrainzClient.swift,
				Services/NeteaseLyricsProvider.swift,
				Services/NeteaseOnlineClient.swift,
				Services/PlaybackModels.swift,
				Services/PlaybackRouter.swift,
				Services/PlayerEngine.swift,
				"Services/PlayerEngine+AudioScheduling.swift",
				"Services/PlayerEngine+AudioSession.swift",
				"Services/PlayerEngine+NowPlaying.swift",
				"Services/PlayerEngine+PlaybackControl.swift",
				"Services/PlayerEngine+Queue.swift",
				"Services/PlayerEngine+SFB.swift",
				Services/PlayHistoryRecorder.swift,
				Services/ScrapeBatchService.swift,
				Services/ScrapeLogic.swift,
				Services/SFBAudioEngineManager.swift,
				"Services/SFBAudioEngineManager+Playback.swift",
				"Services/SFBAudioEngineManager+Queue.swift",
				Services/SimplifiedTraditionalMap.swift,
				Services/SmartPlaylistStore.swift,
				Services/SpotifyAPI.swift,
				Services/StateManager.swift,
				Services/StateManagerModels.swift,
				Services/TagRenameLogic.swift,
				Services/TagWriterService.swift,
				Services/WhatsNew.swift,
				Views/Player/KaraokeControlBar.swift,
				Views/Player/PlayerGestureLogic.swift,
				Views/Utility/HintCardView.swift,
				Views/Utility/WhatsNewView.swift,
			);
			target = B1A000000000000000000007 /* QQPlayerMac */;
		};
/* End PBXFileSystemSynchronizedBuildFileExceptionSet section */

/* Begin PBXFileSystemSynchronizedRootGroup section */
		2312D60E2E6090E2007F756D /* QQPlayer */ = {
			isa = PBXFileSystemSynchronizedRootGroup;
			exceptions = (
				2312D6502E6090E2007F756D /* Exceptions for "QQPlayer" folder in "QQPlayer" target */,
				B1A00000000000000000000B /* Exceptions for "QQPlayer" folder in "QQPlayerMac" target */,
				239B24A22EE5F806009F83F1 /* Exceptions for "QQPlayer" folder in "PlayerWidgetExtension" target */,
			);
			path = QQPlayer;
			sourceTree = "<group>";
		};
		239B24802EE59BEC009F83F1 /* PlayerWidget */ = {
			isa = PBXFileSystemSynchronizedRootGroup;
			exceptions = (
				23FE5A582EE63B460027CEE8 /* Exceptions for "PlayerWidget" folder in "PlayerWidgetExtension" target */,
			);
			path = PlayerWidget;
			sourceTree = "<group>";
		};
		23AF81362E71E15D0005527C /* Share */ = {
			isa = PBXFileSystemSynchronizedRootGroup;
			exceptions = (
				23AF81432E71E15D0005527C /* Exceptions for "Share" folder in "Share" target */,
			);
			path = Share;
			sourceTree = "<group>";
		};
		23C312DE2E78015500342F7C /* SiriIntentsExtension */ = {
			isa = PBXFileSystemSynchronizedRootGroup;
			exceptions = (
				23C312E82E78015500342F7C /* Exceptions for "SiriIntentsExtension" folder in "SiriIntentsExtension" target */,
			);
			path = SiriIntentsExtension;
			sourceTree = "<group>";
		};
		7E57AB1E0000000000000001 /* QQPlayerSiriTests */ = {
			isa = PBXFileSystemSynchronizedRootGroup;
			path = QQPlayerSiriTests;
			sourceTree = "<group>";
		};
/* End PBXFileSystemSynchronizedRootGroup section */

/* Begin PBXFrameworksBuildPhase section */
		2312D6092E6090E2007F756D /* Frameworks */ = {
			isa = PBXFrameworksBuildPhase;
			buildActionMask = 2147483647;
			files = (
				2312D61A2E6090E4007F756D /* GRDB in Frameworks */,
				230D66372E894889007C642A /* SFBAudioEngine in Frameworks */,
			);
			runOnlyForDeploymentPostprocessing = 0;
		};
		239B24782EE59BEC009F83F1 /* Frameworks */ = {
			isa = PBXFrameworksBuildPhase;
			buildActionMask = 2147483647;
			files = (
				239B247F2EE59BEC009F83F1 /* SwiftUI.framework in Frameworks */,
				239B247D2EE59BEC009F83F1 /* WidgetKit.framework in Frameworks */,
			);
			runOnlyForDeploymentPostprocessing = 0;
		};
		23AF81322E71E15D0005527C /* Frameworks */ = {
			isa = PBXFrameworksBuildPhase;
			buildActionMask = 2147483647;
			files = (
			);
			runOnlyForDeploymentPostprocessing = 0;
		};
		23C312D72E78015500342F7C /* Frameworks */ = {
			isa = PBXFrameworksBuildPhase;
			buildActionMask = 2147483647;
			files = (
				23C312DD2E78015500342F7C /* Intents.framework in Frameworks */,
				23C312EC2E7806AB00342F7C /* GRDB in Frameworks */,
			);
			runOnlyForDeploymentPostprocessing = 0;
		};
		7E57AB1E0000000000000005 /* Frameworks */ = {
			isa = PBXFrameworksBuildPhase;
			buildActionMask = 2147483647;
			files = (
			);
			runOnlyForDeploymentPostprocessing = 0;
		};
		B1A000000000000000000005 /* Frameworks */ = {
			isa = PBXFrameworksBuildPhase;
			buildActionMask = 2147483647;
			files = (
				B1A000000000000000000002 /* GRDB in Frameworks */,
				B1A000000000000000000003 /* SFBAudioEngine in Frameworks */,
			);
			runOnlyForDeploymentPostprocessing = 0;
		};
		EA89D66C6B3FB7A8E12FC173 /* Frameworks */ = {
			isa = PBXFrameworksBuildPhase;
			buildActionMask = 2147483647;
			files = (
				16E1BCAA737144BAA7AB627F /* GRDB in Frameworks */,
				46624DEF47FDBF724404E5E0 /* Foundation.framework in Frameworks */,
			);
			runOnlyForDeploymentPostprocessing = 0;
		};
/* End PBXFrameworksBuildPhase section */

/* Begin PBXGroup section */
		2312D6032E6090E2007F756D = {
			isa = PBXGroup;
			children = (
				239B249A2EE5A20E009F83F1 /* PlayerWidgetExtension.entitlements */,
				2312D60E2E6090E2007F756D /* QQPlayer */,
				23AF81362E71E15D0005527C /* Share */,
				23C312DE2E78015500342F7C /* SiriIntentsExtension */,
				239B24802EE59BEC009F83F1 /* PlayerWidget */,
				7E57AB1E0000000000000001 /* QQPlayerSiriTests */,
				23C312DB2E78015500342F7C /* Frameworks */,
				2312D60D2E6090E2007F756D /* Products */,
				6340A698F069DD4C6EBF660D /* QQPlayerTests */,
				5F4656413047950900D81EAE /* Recovered References */,
			);
			sourceTree = "<group>";
		};
		2312D60D2E6090E2007F756D /* Products */ = {
			isa = PBXGroup;
			children = (
				2312D60C2E6090E2007F756D /* QQPlayer.app */,
				B1A000000000000000000001 /* QQPlayerMac.app */,
				23AF81352E71E15D0005527C /* Share.appex */,
				23C312DA2E78015500342F7C /* SiriIntentsExtension.appex */,
				239B247B2EE59BEC009F83F1 /* PlayerWidgetExtension.appex */,
				7E57AB1E0000000000000003 /* QQPlayerSiriTests.xctest */,
				B708099358914775F10BAE5F /* QQPlayerTests.xctest */,
			);
			name = Products;
			sourceTree = "<group>";
		};
		23C312DB2E78015500342F7C /* Frameworks */ = {
			isa = PBXGroup;
			children = (
				23C312DC2E78015500342F7C /* Intents.framework */,
				239B247C2EE59BEC009F83F1 /* WidgetKit.framework */,
				239B247E2EE59BEC009F83F1 /* SwiftUI.framework */,
				6DD1F42DAA4891B4DF29507C /* iOS */,
			);
			name = Frameworks;
			sourceTree = "<group>";
		};
		5F4656413047950900D81EAE /* Recovered References */ = {
			isa = PBXGroup;
			children = (
				B1A000000000000000000010 /* en */,
				B1A000000000000000000011 /* zh-Hans */,
				B1A000000000000000000012 /* zh-Hant */,
				B1A000000000000000000013 /* fr */,
				B1A000000000000000000014 /* ru */,
			);
			name = "Recovered References";
			sourceTree = "<group>";
		};
		6340A698F069DD4C6EBF660D /* QQPlayerTests */ = {
			isa = PBXGroup;
			children = (
				6793C3A51095FE68378E031D /* StableIdTests.swift */,
				A19C99C3D410D8854B01C0CF /* IdentifiedRowTests.swift */,
				95D963241E1B89FFA0906475 /* EQFrequencyTests.swift */,
				071C4A9B25AFB9B772D8625E /* FormatInfoTests.swift */,
				C6713EFB0F4A28ACE3266FB2 /* ModelCodableTests.swift */,
				EFEBABE2EEDADE3CF1549D8A /* PlayerGestureLogicTests.swift */,
				0AE00850E1369590B0BB09C7 /* PlaybackOrderModeTests.swift */,
				19B7AAE18404DCD10ACFCD87 /* NeteaseLyricsTests.swift */,
				7BACA99F9A82CD834AFABADD /* LyricsSearchTests.swift */,
				C8CA665B2F1644A58CD4A39B /* ArtistNameNormalizerTests.swift */,
				B51C1329002F4C3E963D14AC /* SmartPlaylistDataTests.swift */,
				B2AE1DBB52BD462D8FAA704D /* SmartPlaylistUILogicTests.swift */,
				478898B985884E89AA416C7F /* LyricsSearchCacheTests.swift */,
				21702C2548494B02886D5344 /* KaraokeControllerTests.swift */,
				749D379E8DB64607834CA1E0 /* AppearanceResolverTests.swift */,
				ADB2386BA4DB497A8C3193F9 /* PlayHistoryCleanupTests.swift */,
				B7B70769B69D4FA3BD8ACBA0 /* MockURLProtocol.swift */,
				9706677182164C8987546D81 /* ModelsRoundTripTests.swift */,
				F61CF6A266D54083A0F86E76 /* MusicAPIMockSupport.swift */,
				6C4DA91270EB4FC2A4AF992C /* SpotifyAPITests.swift */,
				145FEC71F24C4ECFA8D5056E /* DiscogsAPITests.swift */,
				1F25A9396A62497892BAE967 /* HybridMusicAPITests.swift */,
				84F56C1D13EF47CCADFACA84 /* LyricsLRCLibFallbackTests.swift */,
				13B0714450B5432D9103647E /* HintSystemTests.swift */,
				0399BDBD88CA4F6C9D2D731E /* WhatsNewTests.swift */,
				83039885CC054BB9B356E6EF /* BuiltinEQPresetsTests.swift */,
				7D39DE9FAECA4B4799C0FA6D /* InterruptionResumePolicyTests.swift */,
				F678A568561549268E2A63CD /* MacPlaybackGateTests.swift */,
				2DC7716081AB4D7298E62155 /* MacIndexingGateTests.swift */,
				C3D4E5F6A7B8C9D0E1F2A3B4 /* ArtworkExtractionTests.swift */,
				C33DFA0B97C4C99D73B551FA /* AppearanceThemeTests.swift */,
				09BA4C067F2B43F4A9FBF149 /* DatabasePathResolverTests.swift */,
				29106FE3DED649BD9D9CAFE2 /* LibraryAudioFormatsTests.swift */,
				DEF8F882540A40F3A0F3DCC4 /* MacFolderWatchPolicyTests.swift */,
				4265076E7177434ABAE3F541 /* MacImportNamingTests.swift */,
				5F3F0AF2AAB04E498EC02738 /* QueueReorderMathTests.swift */,
				979DA904F7D24001BB613FA9 /* NeteaseOnlineClientTests.swift */,
				E14D783B4AEB4D92A91DF32D /* MacOnlineDownloadServiceTests.swift */,
				B2AA1B790B624C0DB6AC599A /* TestAudioFixtures.swift */,
				96597A96BFB54987AF618F36 /* TagRenameLogicTests.swift */,
				1D82493F629B43819C248996 /* TagWriterTests.swift */,
				84856156762B44449849B90C /* GenreParsingTests.swift */,
				6EB4AC50856B4C358B306CF3 /* MusicBrainzClientTests.swift */,
				E512404FBD414617AA1CCAFE /* ScrapeLogicTests.swift */,
			);
			path = QQPlayerTests;
			sourceTree = "<group>";
		};
		6DD1F42DAA4891B4DF29507C /* iOS */ = {
			isa = PBXGroup;
			children = (
				0E0A264D696DB89EB255BEA4 /* Foundation.framework */,
			);
			name = iOS;
			sourceTree = "<group>";
		};
/* End PBXGroup section */

/* Begin PBXNativeTarget section */
		2312D60B2E6090E2007F756D /* QQPlayer */ = {
			isa = PBXNativeTarget;
			buildConfigurationList = 2312D6172E6090E3007F756D /* Build configuration list for PBXNativeTarget "QQPlayer" */;
			buildPhases = (
				2312D6082E6090E2007F756D /* Sources */,
				2312D6092E6090E2007F756D /* Frameworks */,
				2312D60A2E6090E2007F756D /* Resources */,
				2350781F2E6CA04400A3B255 /* Embed Foundation Extensions */,
			);
			buildRules = (
			);
			dependencies = (
				23AF813E2E71E15D0005527C /* PBXTargetDependency */,
				23C312E32E78015500342F7C /* PBXTargetDependency */,
				239B248F2EE59BED009F83F1 /* PBXTargetDependency */,
			);
			fileSystemSynchronizedGroups = (
				2312D60E2E6090E2007F756D /* QQPlayer */,
			);
			name = QQPlayer;
			packageProductDependencies = (
				2312D6192E6090E4007F756D /* GRDB */,
				230D66362E894889007C642A /* SFBAudioEngine */,
			);
			productName = QQPlayer;
			productReference = 2312D60C2E6090E2007F756D /* QQPlayer.app */;
			productType = "com.apple.product-type.application";
		};
		239B247A2EE59BEC009F83F1 /* PlayerWidgetExtension */ = {
			isa = PBXNativeTarget;
			buildConfigurationList = 239B24912EE59BED009F83F1 /* Build configuration list for PBXNativeTarget "PlayerWidgetExtension" */;
			buildPhases = (
				239B24772EE59BEC009F83F1 /* Sources */,
				239B24782EE59BEC009F83F1 /* Frameworks */,
				239B24792EE59BEC009F83F1 /* Resources */,
			);
			buildRules = (
			);
			dependencies = (
			);
			fileSystemSynchronizedGroups = (
				239B24802EE59BEC009F83F1 /* PlayerWidget */,
			);
			name = PlayerWidgetExtension;
			productName = PlayerWidgetExtension;
			productReference = 239B247B2EE59BEC009F83F1 /* PlayerWidgetExtension.appex */;
			productType = "com.apple.product-type.app-extension";
		};
		23AF81342E71E15D0005527C /* Share */ = {
			isa = PBXNativeTarget;
			buildConfigurationList = 23AF81402E71E15D0005527C /* Build configuration list for PBXNativeTarget "Share" */;
			buildPhases = (
				23AF81312E71E15D0005527C /* Sources */,
				23AF81322E71E15D0005527C /* Frameworks */,
				23AF81332E71E15D0005527C /* Resources */,
			);
			buildRules = (
			);
			dependencies = (
			);
			fileSystemSynchronizedGroups = (
				23AF81362E71E15D0005527C /* Share */,
			);
			name = Share;
			productName = Share;
			productReference = 23AF81352E71E15D0005527C /* Share.appex */;
			productType = "com.apple.product-type.app-extension";
		};
		23C312D92E78015500342F7C /* SiriIntentsExtension */ = {
			isa = PBXNativeTarget;
			buildConfigurationList = 23C312E52E78015500342F7C /* Build configuration list for PBXNativeTarget "SiriIntentsExtension" */;
			buildPhases = (
				23C312D62E78015500342F7C /* Sources */,
				23C312D72E78015500342F7C /* Frameworks */,
				23C312D82E78015500342F7C /* Resources */,
			);
			buildRules = (
			);
			dependencies = (
			);
			fileSystemSynchronizedGroups = (
				23C312DE2E78015500342F7C /* SiriIntentsExtension */,
			);
			name = SiriIntentsExtension;
			packageProductDependencies = (
				23C312EB2E7806AB00342F7C /* GRDB */,
			);
			productName = SiriIntentsExtension;
			productReference = 23C312DA2E78015500342F7C /* SiriIntentsExtension.appex */;
			productType = "com.apple.product-type.app-extension";
		};
		7E57AB1E0000000000000002 /* QQPlayerSiriTests */ = {
			isa = PBXNativeTarget;
			buildConfigurationList = 7E57AB1E0000000000000007 /* Build configuration list for PBXNativeTarget "QQPlayerSiriTests" */;
			buildPhases = (
				7E57AB1E0000000000000004 /* Sources */,
				7E57AB1E0000000000000005 /* Frameworks */,
				7E57AB1E0000000000000006 /* Resources */,
			);
			buildRules = (
			);
			dependencies = (
				7E57AB1E000000000000000B /* PBXTargetDependency */,
			);
			fileSystemSynchronizedGroups = (
				7E57AB1E0000000000000001 /* QQPlayerSiriTests */,
			);
			name = QQPlayerSiriTests;
			productName = QQPlayerSiriTests;
			productReference = 7E57AB1E0000000000000003 /* QQPlayerSiriTests.xctest */;
			productType = "com.apple.product-type.bundle.ui-testing";
		};
		AC4D23167CDF8A94F2CA6D89 /* QQPlayerTests */ = {
			isa = PBXNativeTarget;
			buildConfigurationList = 6F97FE05E1DC10781BC8C989 /* Build configuration list for PBXNativeTarget "QQPlayerTests" */;
			buildPhases = (
				5C19010A98F95F53F4F68F6A /* Sources */,
				EA89D66C6B3FB7A8E12FC173 /* Frameworks */,
				68110A23893218F1C21FF04A /* Resources */,
			);
			buildRules = (
			);
			dependencies = (
				70929B396E4287988D89DDD4 /* PBXTargetDependency */,
			);
			name = QQPlayerTests;
			packageProductDependencies = (
				23C312EB2E7806AB00342F7C /* GRDB */,
			);
			productName = QQPlayerTests;
			productReference = B708099358914775F10BAE5F /* QQPlayerTests.xctest */;
			productType = "com.apple.product-type.bundle.unit-test";
		};
		B1A000000000000000000007 /* QQPlayerMac */ = {
			isa = PBXNativeTarget;
			buildConfigurationList = B1A000000000000000000008 /* Build configuration list for PBXNativeTarget "QQPlayerMac" */;
			buildPhases = (
				B1A000000000000000000004 /* Sources */,
				B1A000000000000000000005 /* Frameworks */,
				B1A000000000000000000006 /* Resources */,
			);
			buildRules = (
			);
			dependencies = (
			);
			name = QQPlayerMac;
			packageProductDependencies = (
				2312D6192E6090E4007F756D /* GRDB */,
				230D66362E894889007C642A /* SFBAudioEngine */,
			);
			productName = QQPlayerMac;
			productReference = B1A000000000000000000001 /* QQPlayerMac.app */;
			productType = "com.apple.product-type.application";
		};
/* End PBXNativeTarget section */

/* Begin PBXProject section */
		2312D6042E6090E2007F756D /* Project object */ = {
			isa = PBXProject;
			attributes = {
				BuildIndependentTargetsInParallel = 1;
				LastSwiftUpdateCheck = 2600;
				LastUpgradeCheck = 2600;
				TargetAttributes = {
					2312D60B2E6090E2007F756D = {
						CreatedOnToolsVersion = 16.4;
					};
					239B247A2EE59BEC009F83F1 = {
						CreatedOnToolsVersion = 26.0.1;
					};
					23AF81342E71E15D0005527C = {
						CreatedOnToolsVersion = 16.4;
					};
					23C312D92E78015500342F7C = {
						CreatedOnToolsVersion = 16.4;
					};
					7E57AB1E0000000000000002 = {
						CreatedOnToolsVersion = 27.0;
						TestTargetID = 2312D60B2E6090E2007F756D;
					};
					B1A000000000000000000007 = {
						CreatedOnToolsVersion = 26.0;
					};
				};
			};
			buildConfigurationList = 2312D6072E6090E2007F756D /* Build configuration list for PBXProject "QQPlayer" */;
			developmentRegion = en;
			hasScannedForEncodings = 0;
			knownRegions = (
				en,
				Base,
				fr,
				ru,
				"zh-Hans",
				"zh-Hant",
			);
			mainGroup = 2312D6032E6090E2007F756D;
			minimizedProjectReferenceProxies = 1;
			packageReferences = (
				2312D6182E6090E4007F756D /* XCRemoteSwiftPackageReference "GRDB" */,
				230D66352E894889007C642A /* XCRemoteSwiftPackageReference "SFBAudioEngine" */,
			);
			preferredProjectObjectVersion = 77;
			productRefGroup = 2312D60D2E6090E2007F756D /* Products */;
			projectDirPath = "";
			projectRoot = "";
			targets = (
				2312D60B2E6090E2007F756D /* QQPlayer */,
				B1A000000000000000000007 /* QQPlayerMac */,
				23AF81342E71E15D0005527C /* Share */,
				23C312D92E78015500342F7C /* SiriIntentsExtension */,
				239B247A2EE59BEC009F83F1 /* PlayerWidgetExtension */,
				7E57AB1E0000000000000002 /* QQPlayerSiriTests */,
				AC4D23167CDF8A94F2CA6D89 /* QQPlayerTests */,
			);
		};
/* End PBXProject section */

/* Begin PBXResourcesBuildPhase section */
		2312D60A2E6090E2007F756D /* Resources */ = {
			isa = PBXResourcesBuildPhase;
			buildActionMask = 2147483647;
			files = (
			);
			runOnlyForDeploymentPostprocessing = 0;
		};
		239B24792EE59BEC009F83F1 /* Resources */ = {
			isa = PBXResourcesBuildPhase;
			buildActionMask = 2147483647;
			files = (
			);
			runOnlyForDeploymentPostprocessing = 0;
		};
		23AF81332E71E15D0005527C /* Resources */ = {
			isa = PBXResourcesBuildPhase;
			buildActionMask = 2147483647;
			files = (
			);
			runOnlyForDeploymentPostprocessing = 0;
		};
		23C312D82E78015500342F7C /* Resources */ = {
			isa = PBXResourcesBuildPhase;
			buildActionMask = 2147483647;
			files = (
			);
			runOnlyForDeploymentPostprocessing = 0;
		};
		68110A23893218F1C21FF04A /* Resources */ = {
			isa = PBXResourcesBuildPhase;
			buildActionMask = 2147483647;
			files = (
			);
			runOnlyForDeploymentPostprocessing = 0;
		};
		7E57AB1E0000000000000006 /* Resources */ = {
			isa = PBXResourcesBuildPhase;
			buildActionMask = 2147483647;
			files = (
			);
			runOnlyForDeploymentPostprocessing = 0;
		};
		B1A000000000000000000006 /* Resources */ = {
			isa = PBXResourcesBuildPhase;
			buildActionMask = 2147483647;
			files = (
				B1A000000000000000000016 /* en in Resources */,
				B1A000000000000000000017 /* zh-Hans in Resources */,
				B1A000000000000000000018 /* zh-Hant in Resources */,
				B1A000000000000000000019 /* fr in Resources */,
				B1A00000000000000000001A /* ru in Resources */,
			);
			runOnlyForDeploymentPostprocessing = 0;
		};
/* End PBXResourcesBuildPhase section */

/* Begin PBXSourcesBuildPhase section */
		2312D6082E6090E2007F756D /* Sources */ = {
			isa = PBXSourcesBuildPhase;
			buildActionMask = 2147483647;
			files = (
			);
			runOnlyForDeploymentPostprocessing = 0;
		};
		239B24772EE59BEC009F83F1 /* Sources */ = {
			isa = PBXSourcesBuildPhase;
			buildActionMask = 2147483647;
			files = (
			);
			runOnlyForDeploymentPostprocessing = 0;
		};
		23AF81312E71E15D0005527C /* Sources */ = {
			isa = PBXSourcesBuildPhase;
			buildActionMask = 2147483647;
			files = (
			);
			runOnlyForDeploymentPostprocessing = 0;
		};
		23C312D62E78015500342F7C /* Sources */ = {
			isa = PBXSourcesBuildPhase;
			buildActionMask = 2147483647;
			files = (
			);
			runOnlyForDeploymentPostprocessing = 0;
		};
		5C19010A98F95F53F4F68F6A /* Sources */ = {
			isa = PBXSourcesBuildPhase;
			buildActionMask = 2147483647;
			files = (
				EE49A8EDD4423396C78DABE2 /* StableIdTests.swift in Sources */,
				23D82A5DA49496D9E0370887 /* IdentifiedRowTests.swift in Sources */,
				5C3389AA47637899080AFA31 /* EQFrequencyTests.swift in Sources */,
				50455E615D9FAE84C741EB6E /* FormatInfoTests.swift in Sources */,
				C21A43E3C4B1AEB96EDDE12E /* ModelCodableTests.swift in Sources */,
				FDE46537E071CEBB0C1EE7EC /* PlayerGestureLogicTests.swift in Sources */,
				667F37CD3A564FC66FC620E4 /* PlaybackOrderModeTests.swift in Sources */,
				E3D3FAA3E201F1DE4FE3B65D /* NeteaseLyricsTests.swift in Sources */,
				F1BB63FBDDBA0BCECD86FF7F /* LyricsSearchTests.swift in Sources */,
				8002132EC97144E5830D01AA /* ArtistNameNormalizerTests.swift in Sources */,
				664B6BEF05384F2098030629 /* SmartPlaylistDataTests.swift in Sources */,
				A1D0117D952345D1B1D9D76F /* SmartPlaylistUILogicTests.swift in Sources */,
				CA3755439F62402997608072 /* LyricsSearchCacheTests.swift in Sources */,
				43259368C3DB42DCB3BAA37A /* KaraokeControllerTests.swift in Sources */,
				0159E05215D84BF0B2369962 /* AppearanceResolverTests.swift in Sources */,
				6D7BB1D7A40944FD897AE350 /* PlayHistoryCleanupTests.swift in Sources */,
				90EF4EE0ACCD4186B034413C /* MockURLProtocol.swift in Sources */,
				6CC3183EEB974716AC10BD10 /* ModelsRoundTripTests.swift in Sources */,
				894B5013D4F245E7A321C78B /* MusicAPIMockSupport.swift in Sources */,
				A7B1EF33208A478896011764 /* SpotifyAPITests.swift in Sources */,
				1785EE9EA7D649388F552CDD /* DiscogsAPITests.swift in Sources */,
				0937E1860D1E419D976EFA11 /* HybridMusicAPITests.swift in Sources */,
				8B39816A2390441EA17F4B87 /* LyricsLRCLibFallbackTests.swift in Sources */,
				CD0AFF2F6F2944CFB8174D62 /* HintSystemTests.swift in Sources */,
				B1C108FAF1AB4B1DBB94FE9B /* WhatsNewTests.swift in Sources */,
				48E5E03B86B64263A8027793 /* BuiltinEQPresetsTests.swift in Sources */,
				DD25E8BCF490415CAF2818C0 /* InterruptionResumePolicyTests.swift in Sources */,
				908024B804AD4AB99325E36B /* MacPlaybackGateTests.swift in Sources */,
				5DD1433176A94929971A3F64 /* MacIndexingGateTests.swift in Sources */,
				A1E2F3A4B5C6D7E8F9A0B1C2 /* ArtworkExtractionTests.swift in Sources */,
				7C6C6B669A1CC3E35BBFAA8F /* AppearanceThemeTests.swift in Sources */,
				4E4849B26C9142B8A27FCAE1 /* DatabasePathResolverTests.swift in Sources */,
				B97C5DF1A6084DF592777461 /* LibraryAudioFormatsTests.swift in Sources */,
				61ADA96C0EB749499052A4CF /* MacFolderWatchPolicyTests.swift in Sources */,
				A3F6318079D84C76832E906B /* MacImportNamingTests.swift in Sources */,
				F5EA698EDC0C4A428FB7E77E /* QueueReorderMathTests.swift in Sources */,
				FBF36E13AEB04A2196326383 /* NeteaseOnlineClientTests.swift in Sources */,
				B723A369BE654B609494CF58 /* MacOnlineDownloadServiceTests.swift in Sources */,
				3E7AA689098645E3B0673D46 /* TestAudioFixtures.swift in Sources */,
				BD9D2F0C5F244AF7B19EA365 /* TagRenameLogicTests.swift in Sources */,
				DE811C835A3747DCBDDC515D /* TagWriterTests.swift in Sources */,
				2437A464FF244D84B4247248 /* GenreParsingTests.swift in Sources */,
				26405C6B916442DD89637772 /* MusicBrainzClientTests.swift in Sources */,
				493CDCE26A354328B23160B5 /* ScrapeLogicTests.swift in Sources */,
			);
			runOnlyForDeploymentPostprocessing = 0;
		};
		7E57AB1E0000000000000004 /* Sources */ = {
			isa = PBXSourcesBuildPhase;
			buildActionMask = 2147483647;
			files = (
			);
			runOnlyForDeploymentPostprocessing = 0;
		};
		B1A000000000000000000004 /* Sources */ = {
			isa = PBXSourcesBuildPhase;
			buildActionMask = 2147483647;
			files = (
			);
			runOnlyForDeploymentPostprocessing = 0;
		};
/* End PBXSourcesBuildPhase section */

/* Begin PBXTargetDependency section */
		239B248F2EE59BED009F83F1 /* PBXTargetDependency */ = {
			isa = PBXTargetDependency;
			target = 239B247A2EE59BEC009F83F1 /* PlayerWidgetExtension */;
			targetProxy = 239B248E2EE59BED009F83F1 /* PBXContainerItemProxy */;
		};
		23AF813E2E71E15D0005527C /* PBXTargetDependency */ = {
			isa = PBXTargetDependency;
			target = 23AF81342E71E15D0005527C /* Share */;
			targetProxy = 23AF813D2E71E15D0005527C /* PBXContainerItemProxy */;
		};
		23C312E32E78015500342F7C /* PBXTargetDependency */ = {
			isa = PBXTargetDependency;
			target = 23C312D92E78015500342F7C /* SiriIntentsExtension */;
			targetProxy = 23C312E22E78015500342F7C /* PBXContainerItemProxy */;
		};
		70929B396E4287988D89DDD4 /* PBXTargetDependency */ = {
			isa = PBXTargetDependency;
			name = QQPlayer;
			target = 2312D60B2E6090E2007F756D /* QQPlayer */;
			targetProxy = BA18890A696F326C8CA4F998 /* PBXContainerItemProxy */;
		};
		7E57AB1E000000000000000B /* PBXTargetDependency */ = {
			isa = PBXTargetDependency;
			target = 2312D60B2E6090E2007F756D /* QQPlayer */;
			targetProxy = 7E57AB1E000000000000000A /* PBXContainerItemProxy */;
		};
/* End PBXTargetDependency section */

/* Begin XCBuildConfiguration section */
		2312D6152E6090E3007F756D /* Debug */ = {
			isa = XCBuildConfiguration;
			buildSettings = {
				ALWAYS_SEARCH_USER_PATHS = NO;
				ASSETCATALOG_COMPILER_GENERATE_SWIFT_ASSET_SYMBOL_EXTENSIONS = YES;
				CLANG_ANALYZER_LOCALIZABILITY_NONLOCALIZED = YES;
				CLANG_ANALYZER_NONNULL = YES;
				CLANG_ANALYZER_NUMBER_OBJECT_CONVERSION = YES_AGGRESSIVE;
				CLANG_CXX_LANGUAGE_STANDARD = "gnu++20";
				CLANG_ENABLE_MODULES = YES;
				CLANG_ENABLE_OBJC_ARC = YES;
				CLANG_ENABLE_OBJC_WEAK = YES;
				CLANG_WARN_BLOCK_CAPTURE_AUTORELEASING = YES;
				CLANG_WARN_BOOL_CONVERSION = YES;
				CLANG_WARN_COMMA = YES;
				CLANG_WARN_CONSTANT_CONVERSION = YES;
				CLANG_WARN_DEPRECATED_OBJC_IMPLEMENTATIONS = YES;
				CLANG_WARN_DIRECT_OBJC_ISA_USAGE = YES_ERROR;
				CLANG_WARN_DOCUMENTATION_COMMENTS = YES;
				CLANG_WARN_EMPTY_BODY = YES;
				CLANG_WARN_ENUM_CONVERSION = YES;
				CLANG_WARN_INFINITE_RECURSION = YES;
				CLANG_WARN_INT_CONVERSION = YES;
				CLANG_WARN_NON_LITERAL_NULL_CONVERSION = YES;
				CLANG_WARN_OBJC_IMPLICIT_RETAIN_SELF = YES;
				CLANG_WARN_OBJC_LITERAL_CONVERSION = YES;
				CLANG_WARN_OBJC_ROOT_CLASS = YES_ERROR;
				CLANG_WARN_QUOTED_INCLUDE_IN_FRAMEWORK_HEADER = YES;
				CLANG_WARN_RANGE_LOOP_ANALYSIS = YES;
				CLANG_WARN_STRICT_PROTOTYPES = YES;
				CLANG_WARN_SUSPICIOUS_MOVE = YES;
				CLANG_WARN_UNGUARDED_AVAILABILITY = YES_AGGRESSIVE;
				CLANG_WARN_UNREACHABLE_CODE = YES;
				CLANG_WARN__DUPLICATE_METHOD_MATCH = YES;
				COPY_PHASE_STRIP = NO;
				DEBUG_INFORMATION_FORMAT = dwarf;
				DEVELOPMENT_TEAM = B6FA37AYT5;
				ENABLE_STRICT_OBJC_MSGSEND = YES;
				ENABLE_TESTABILITY = YES;
				ENABLE_USER_SCRIPT_SANDBOXING = YES;
				GCC_C_LANGUAGE_STANDARD = gnu17;
				GCC_DYNAMIC_NO_PIC = NO;
				GCC_NO_COMMON_BLOCKS = YES;
				GCC_OPTIMIZATION_LEVEL = 0;
				GCC_PREPROCESSOR_DEFINITIONS = (
					"DEBUG=1",
					"$(inherited)",
				);
				GCC_WARN_64_TO_32_BIT_CONVERSION = YES;
				GCC_WARN_ABOUT_RETURN_TYPE = YES_ERROR;
				GCC_WARN_UNDECLARED_SELECTOR = YES;
				GCC_WARN_UNINITIALIZED_AUTOS = YES_AGGRESSIVE;
				GCC_WARN_UNUSED_FUNCTION = YES;
				GCC_WARN_UNUSED_VARIABLE = YES;
				IPHONEOS_DEPLOYMENT_TARGET = 18.5;
				LOCALIZATION_PREFERS_STRING_CATALOGS = YES;
				MTL_ENABLE_DEBUG_INFO = INCLUDE_SOURCE;
				MTL_FAST_MATH = YES;
				ONLY_ACTIVE_ARCH = YES;
				SDKROOT = iphoneos;
				STRING_CATALOG_GENERATE_SYMBOLS = YES;
				SWIFT_ACTIVE_COMPILATION_CONDITIONS = "DEBUG $(inherited)";
				SWIFT_OPTIMIZATION_LEVEL = "-Onone";
			};
			name = Debug;
		};
		2312D6162E6090E3007F756D /* Release */ = {
			isa = XCBuildConfiguration;
			buildSettings = {
				ALWAYS_SEARCH_USER_PATHS = NO;
				ASSETCATALOG_COMPILER_GENERATE_SWIFT_ASSET_SYMBOL_EXTENSIONS = YES;
				CLANG_ANALYZER_LOCALIZABILITY_NONLOCALIZED = YES;
				CLANG_ANALYZER_NONNULL = YES;
				CLANG_ANALYZER_NUMBER_OBJECT_CONVERSION = YES_AGGRESSIVE;
				CLANG_CXX_LANGUAGE_STANDARD = "gnu++20";
				CLANG_ENABLE_MODULES = YES;
				CLANG_ENABLE_OBJC_ARC = YES;
				CLANG_ENABLE_OBJC_WEAK = YES;
				CLANG_WARN_BLOCK_CAPTURE_AUTORELEASING = YES;
				CLANG_WARN_BOOL_CONVERSION = YES;
				CLANG_WARN_COMMA = YES;
				CLANG_WARN_CONSTANT_CONVERSION = YES;
				CLANG_WARN_DEPRECATED_OBJC_IMPLEMENTATIONS = YES;
				CLANG_WARN_DIRECT_OBJC_ISA_USAGE = YES_ERROR;
				CLANG_WARN_DOCUMENTATION_COMMENTS = YES;
				CLANG_WARN_EMPTY_BODY = YES;
				CLANG_WARN_ENUM_CONVERSION = YES;
				CLANG_WARN_INFINITE_RECURSION = YES;
				CLANG_WARN_INT_CONVERSION = YES;
				CLANG_WARN_NON_LITERAL_NULL_CONVERSION = YES;
				CLANG_WARN_OBJC_IMPLICIT_RETAIN_SELF = YES;
				CLANG_WARN_OBJC_LITERAL_CONVERSION = YES;
				CLANG_WARN_OBJC_ROOT_CLASS = YES_ERROR;
				CLANG_WARN_QUOTED_INCLUDE_IN_FRAMEWORK_HEADER = YES;
				CLANG_WARN_RANGE_LOOP_ANALYSIS = YES;
				CLANG_WARN_STRICT_PROTOTYPES = YES;
				CLANG_WARN_SUSPICIOUS_MOVE = YES;
				CLANG_WARN_UNGUARDED_AVAILABILITY = YES_AGGRESSIVE;
				CLANG_WARN_UNREACHABLE_CODE = YES;
				CLANG_WARN__DUPLICATE_METHOD_MATCH = YES;
				COPY_PHASE_STRIP = NO;
				DEBUG_INFORMATION_FORMAT = "dwarf-with-dsym";
				DEVELOPMENT_TEAM = B6FA37AYT5;
				ENABLE_NS_ASSERTIONS = NO;
				ENABLE_STRICT_OBJC_MSGSEND = YES;
				ENABLE_USER_SCRIPT_SANDBOXING = YES;
				GCC_C_LANGUAGE_STANDARD = gnu17;
				GCC_NO_COMMON_BLOCKS = YES;
				GCC_WARN_64_TO_32_BIT_CONVERSION = YES;
				GCC_WARN_ABOUT_RETURN_TYPE = YES_ERROR;
				GCC_WARN_UNDECLARED_SELECTOR = YES;
				GCC_WARN_UNINITIALIZED_AUTOS = YES_AGGRESSIVE;
				GCC_WARN_UNUSED_FUNCTION = YES;
				GCC_WARN_UNUSED_VARIABLE = YES;
				IPHONEOS_DEPLOYMENT_TARGET = 18.5;
				LOCALIZATION_PREFERS_STRING_CATALOGS = YES;
				MTL_ENABLE_DEBUG_INFO = NO;
				MTL_FAST_MATH = YES;
				SDKROOT = iphoneos;
				STRING_CATALOG_GENERATE_SYMBOLS = YES;
				SWIFT_COMPILATION_MODE = wholemodule;
				VALIDATE_PRODUCT = YES;
			};
			name = Release;
		};
		2312D6182E6090E3007F756D /* Debug */ = {
			isa = XCBuildConfiguration;
			buildSettings = {
				ASSETCATALOG_COMPILER_APPICON_NAME = AppIcon;
				ASSETCATALOG_COMPILER_GLOBAL_ACCENT_COLOR_NAME = AccentColor;
				CODE_SIGN_ENTITLEMENTS = QQPlayer/QQPlayer.entitlements;
				CODE_SIGN_STYLE = Automatic;
				CURRENT_PROJECT_VERSION = 61;
				DEVELOPMENT_TEAM = B6FA37AYT5;
				ENABLE_PREVIEWS = YES;
				GENERATE_INFOPLIST_FILE = NO;
				INFOPLIST_FILE = QQPlayer/Info.plist;
				INFOPLIST_KEY_CFBundleDisplayName = QQPlayer;
				LD_RUNPATH_SEARCH_PATHS = (
					"$(inherited)",
					"@executable_path/Frameworks",
				);
				MARKETING_VERSION = 1.0.0;
				PRODUCT_BUNDLE_IDENTIFIER = com.daxmate.qqplayer.ios;
				PRODUCT_NAME = "$(TARGET_NAME)";
				SUPPORTED_PLATFORMS = "iphoneos iphonesimulator";
				SUPPORTS_MACCATALYST = NO;
				SUPPORTS_MAC_DESIGNED_FOR_IPHONE_IPAD = NO;
				SUPPORTS_XR_DESIGNED_FOR_IPHONE_IPAD = NO;
				SWIFT_EMIT_LOC_STRINGS = YES;
				SWIFT_OBJC_BRIDGING_HEADER = "QQPlayer/QQPlayer-Bridging-Header.h";
				SWIFT_VERSION = 6.0;
				TARGETED_DEVICE_FAMILY = "1,2";
			};
			name = Debug;
		};
		2312D6192E6090E3007F756D /* Release */ = {
			isa = XCBuildConfiguration;
			buildSettings = {
				ASSETCATALOG_COMPILER_APPICON_NAME = AppIcon;
				ASSETCATALOG_COMPILER_GLOBAL_ACCENT_COLOR_NAME = AccentColor;
				CODE_SIGN_ENTITLEMENTS = QQPlayer/QQPlayer.entitlements;
				CODE_SIGN_STYLE = Automatic;
				CURRENT_PROJECT_VERSION = 61;
				DEVELOPMENT_TEAM = B6FA37AYT5;
				ENABLE_PREVIEWS = YES;
				GENERATE_INFOPLIST_FILE = NO;
				INFOPLIST_FILE = QQPlayer/Info.plist;
				INFOPLIST_KEY_CFBundleDisplayName = QQPlayer;
				LD_RUNPATH_SEARCH_PATHS = (
					"$(inherited)",
					"@executable_path/Frameworks",
				);
				MARKETING_VERSION = 1.0.0;
				PRODUCT_BUNDLE_IDENTIFIER = com.daxmate.qqplayer.ios;
				PRODUCT_NAME = "$(TARGET_NAME)";
				SUPPORTED_PLATFORMS = "iphoneos iphonesimulator";
				SUPPORTS_MACCATALYST = NO;
				SUPPORTS_MAC_DESIGNED_FOR_IPHONE_IPAD = NO;
				SUPPORTS_XR_DESIGNED_FOR_IPHONE_IPAD = NO;
				SWIFT_EMIT_LOC_STRINGS = YES;
				SWIFT_OBJC_BRIDGING_HEADER = "QQPlayer/QQPlayer-Bridging-Header.h";
				SWIFT_VERSION = 6.0;
				TARGETED_DEVICE_FAMILY = "1,2";
			};
			name = Release;
		};
		239B24922EE59BED009F83F1 /* Debug */ = {
			isa = XCBuildConfiguration;
			buildSettings = {
				ASSETCATALOG_COMPILER_GLOBAL_ACCENT_COLOR_NAME = AccentColor;
				ASSETCATALOG_COMPILER_WIDGET_BACKGROUND_COLOR_NAME = WidgetBackground;
				CODE_SIGN_ENTITLEMENTS = PlayerWidgetExtension.entitlements;
				CODE_SIGN_STYLE = Automatic;
				CURRENT_PROJECT_VERSION = 61;
				DEVELOPMENT_TEAM = B6FA37AYT5;
				GENERATE_INFOPLIST_FILE = YES;
				INFOPLIST_FILE = PlayerWidget/Info.plist;
				INFOPLIST_KEY_CFBundleDisplayName = PlayerWidget;
				INFOPLIST_KEY_NSHumanReadableCopyright = "";
				IPHONEOS_DEPLOYMENT_TARGET = 18.5;
				LD_RUNPATH_SEARCH_PATHS = (
					"$(inherited)",
					"@executable_path/Frameworks",
					"@executable_path/../../Frameworks",
				);
				MARKETING_VERSION = 1.0.0;
				PRODUCT_BUNDLE_IDENTIFIER = com.daxmate.qqplayer.ios.PlayerWidget;
				PRODUCT_NAME = "$(TARGET_NAME)";
				SKIP_INSTALL = YES;
				STRING_CATALOG_GENERATE_SYMBOLS = YES;
				SWIFT_APPROACHABLE_CONCURRENCY = YES;
				SWIFT_EMIT_LOC_STRINGS = YES;
				SWIFT_UPCOMING_FEATURE_MEMBER_IMPORT_VISIBILITY = YES;
				SWIFT_VERSION = 5.0;
				TARGETED_DEVICE_FAMILY = "1,2";
			};
			name = Debug;
		};
		239B24932EE59BED009F83F1 /* Release */ = {
			isa = XCBuildConfiguration;
			buildSettings = {
				ASSETCATALOG_COMPILER_GLOBAL_ACCENT_COLOR_NAME = AccentColor;
				ASSETCATALOG_COMPILER_WIDGET_BACKGROUND_COLOR_NAME = WidgetBackground;
				CODE_SIGN_ENTITLEMENTS = PlayerWidgetExtension.entitlements;
				CODE_SIGN_STYLE = Automatic;
				CURRENT_PROJECT_VERSION = 61;
				DEVELOPMENT_TEAM = B6FA37AYT5;
				GENERATE_INFOPLIST_FILE = YES;
				INFOPLIST_FILE = PlayerWidget/Info.plist;
				INFOPLIST_KEY_CFBundleDisplayName = PlayerWidget;
				INFOPLIST_KEY_NSHumanReadableCopyright = "";
				IPHONEOS_DEPLOYMENT_TARGET = 18.5;
				LD_RUNPATH_SEARCH_PATHS = (
					"$(inherited)",
					"@executable_path/Frameworks",
					"@executable_path/../../Frameworks",
				);
				MARKETING_VERSION = 1.0.0;
				PRODUCT_BUNDLE_IDENTIFIER = com.daxmate.qqplayer.ios.PlayerWidget;
				PRODUCT_NAME = "$(TARGET_NAME)";
				SKIP_INSTALL = YES;
				STRING_CATALOG_GENERATE_SYMBOLS = YES;
				SWIFT_APPROACHABLE_CONCURRENCY = YES;
				SWIFT_EMIT_LOC_STRINGS = YES;
				SWIFT_UPCOMING_FEATURE_MEMBER_IMPORT_VISIBILITY = YES;
				SWIFT_VERSION = 5.0;
				TARGETED_DEVICE_FAMILY = "1,2";
			};
			name = Release;
		};
		23AF81412E71E15D0005527C /* Debug */ = {
			isa = XCBuildConfiguration;
			buildSettings = {
				CODE_SIGN_ENTITLEMENTS = Share/Share.entitlements;
				CODE_SIGN_STYLE = Automatic;
				CURRENT_PROJECT_VERSION = 61;
				DEVELOPMENT_TEAM = B6FA37AYT5;
				GENERATE_INFOPLIST_FILE = YES;
				INFOPLIST_FILE = Share/Info.plist;
				INFOPLIST_KEY_CFBundleDisplayName = Share;
				INFOPLIST_KEY_NSHumanReadableCopyright = "";
				LD_RUNPATH_SEARCH_PATHS = (
					"$(inherited)",
					"@executable_path/Frameworks",
					"@executable_path/../../Frameworks",
				);
				MARKETING_VERSION = 1.0.0;
				PRODUCT_BUNDLE_IDENTIFIER = com.daxmate.qqplayer.ios.Share;
				PRODUCT_NAME = "$(TARGET_NAME)";
				SKIP_INSTALL = YES;
				SWIFT_EMIT_LOC_STRINGS = YES;
				SWIFT_VERSION = 5.0;
				TARGETED_DEVICE_FAMILY = "1,2";
			};
			name = Debug;
		};
		23AF81422E71E15D0005527C /* Release */ = {
			isa = XCBuildConfiguration;
			buildSettings = {
				CODE_SIGN_ENTITLEMENTS = Share/Share.entitlements;
				CODE_SIGN_STYLE = Automatic;
				CURRENT_PROJECT_VERSION = 61;
				DEVELOPMENT_TEAM = B6FA37AYT5;
				GENERATE_INFOPLIST_FILE = YES;
				INFOPLIST_FILE = Share/Info.plist;
				INFOPLIST_KEY_CFBundleDisplayName = Share;
				INFOPLIST_KEY_NSHumanReadableCopyright = "";
				LD_RUNPATH_SEARCH_PATHS = (
					"$(inherited)",
					"@executable_path/Frameworks",
					"@executable_path/../../Frameworks",
				);
				MARKETING_VERSION = 1.0.0;
				PRODUCT_BUNDLE_IDENTIFIER = com.daxmate.qqplayer.ios.Share;
				PRODUCT_NAME = "$(TARGET_NAME)";
				SKIP_INSTALL = YES;
				SWIFT_EMIT_LOC_STRINGS = YES;
				SWIFT_VERSION = 5.0;
				TARGETED_DEVICE_FAMILY = "1,2";
			};
			name = Release;
		};
		23C312E62E78015500342F7C /* Debug */ = {
			isa = XCBuildConfiguration;
			buildSettings = {
				CODE_SIGN_ENTITLEMENTS = SiriIntentsExtension/SiriIntentsExtension.entitlements;
				CODE_SIGN_STYLE = Automatic;
				CURRENT_PROJECT_VERSION = 61;
				DEVELOPMENT_TEAM = B6FA37AYT5;
				GENERATE_INFOPLIST_FILE = YES;
				INFOPLIST_FILE = SiriIntentsExtension/Info.plist;
				INFOPLIST_KEY_CFBundleDisplayName = SiriIntentsExtension;
				INFOPLIST_KEY_NSHumanReadableCopyright = "";
				LD_RUNPATH_SEARCH_PATHS = (
					"$(inherited)",
					"@executable_path/Frameworks",
					"@executable_path/../../Frameworks",
				);
				MARKETING_VERSION = 1.0.0;
				PRODUCT_BUNDLE_IDENTIFIER = com.daxmate.qqplayer.ios.SiriIntentsExtension;
				PRODUCT_NAME = "$(TARGET_NAME)";
				SKIP_INSTALL = YES;
				SWIFT_EMIT_LOC_STRINGS = YES;
				SWIFT_VERSION = 5.0;
				TARGETED_DEVICE_FAMILY = "1,2";
			};
			name = Debug;
		};
		23C312E72E78015500342F7C /* Release */ = {
			isa = XCBuildConfiguration;
			buildSettings = {
				CODE_SIGN_ENTITLEMENTS = SiriIntentsExtension/SiriIntentsExtension.entitlements;
				CODE_SIGN_STYLE = Automatic;
				CURRENT_PROJECT_VERSION = 61;
				DEVELOPMENT_TEAM = B6FA37AYT5;
				GENERATE_INFOPLIST_FILE = YES;
				INFOPLIST_FILE = SiriIntentsExtension/Info.plist;
				INFOPLIST_KEY_CFBundleDisplayName = SiriIntentsExtension;
				INFOPLIST_KEY_NSHumanReadableCopyright = "";
				LD_RUNPATH_SEARCH_PATHS = (
					"$(inherited)",
					"@executable_path/Frameworks",
					"@executable_path/../../Frameworks",
				);
				MARKETING_VERSION = 1.0.0;
				PRODUCT_BUNDLE_IDENTIFIER = com.daxmate.qqplayer.ios.SiriIntentsExtension;
				PRODUCT_NAME = "$(TARGET_NAME)";
				SKIP_INSTALL = YES;
				SWIFT_EMIT_LOC_STRINGS = YES;
				SWIFT_VERSION = 5.0;
				TARGETED_DEVICE_FAMILY = "1,2";
			};
			name = Release;
		};
		7E57AB1E0000000000000008 /* Debug */ = {
			isa = XCBuildConfiguration;
			buildSettings = {
				CODE_SIGN_STYLE = Automatic;
				CURRENT_PROJECT_VERSION = 1;
				DEVELOPMENT_TEAM = B6FA37AYT5;
				GENERATE_INFOPLIST_FILE = YES;
				IPHONEOS_DEPLOYMENT_TARGET = 27.0;
				MARKETING_VERSION = 1.0;
				PRODUCT_BUNDLE_IDENTIFIER = com.daxmate.qqplayer.ios.QQPlayerSiriTests;
				PRODUCT_NAME = "$(TARGET_NAME)";
				SUPPORTED_PLATFORMS = "iphoneos iphonesimulator";
				SWIFT_EMIT_LOC_STRINGS = NO;
				SWIFT_VERSION = 6.0;
				TARGETED_DEVICE_FAMILY = "1,2";
				TEST_TARGET_NAME = QQPlayer;
			};
			name = Debug;
		};
		7E57AB1E0000000000000009 /* Release */ = {
			isa = XCBuildConfiguration;
			buildSettings = {
				CODE_SIGN_STYLE = Automatic;
				CURRENT_PROJECT_VERSION = 1;
				DEVELOPMENT_TEAM = B6FA37AYT5;
				GENERATE_INFOPLIST_FILE = YES;
				IPHONEOS_DEPLOYMENT_TARGET = 27.0;
				MARKETING_VERSION = 1.0;
				PRODUCT_BUNDLE_IDENTIFIER = com.daxmate.qqplayer.ios.QQPlayerSiriTests;
				PRODUCT_NAME = "$(TARGET_NAME)";
				SUPPORTED_PLATFORMS = "iphoneos iphonesimulator";
				SWIFT_EMIT_LOC_STRINGS = NO;
				SWIFT_VERSION = 6.0;
				TARGETED_DEVICE_FAMILY = "1,2";
				TEST_TARGET_NAME = QQPlayer;
			};
			name = Release;
		};
		B1A000000000000000000009 /* Debug */ = {
			isa = XCBuildConfiguration;
			buildSettings = {
				ASSETCATALOG_COMPILER_APPICON_NAME = AppIcon;
				CODE_SIGNING_ALLOWED = NO;
				CODE_SIGN_STYLE = Automatic;
				CURRENT_PROJECT_VERSION = 1;
				GENERATE_INFOPLIST_FILE = YES;
				LD_RUNPATH_SEARCH_PATHS = (
					"$(inherited)",
					"@executable_path/../Frameworks",
				);
				MACOSX_DEPLOYMENT_TARGET = 13.0;
				MARKETING_VERSION = 1.0.0;
				PRODUCT_BUNDLE_IDENTIFIER = com.daxmate.qqplayer.macos;
				PRODUCT_NAME = "$(TARGET_NAME)";
				SDKROOT = macosx;
				SUPPORTED_PLATFORMS = macosx;
				SWIFT_EMIT_LOC_STRINGS = NO;
				SWIFT_OBJC_BRIDGING_HEADER = "QQPlayer/QQPlayer-Bridging-Header.h";
				SWIFT_VERSION = 5.0;
			};
			name = Debug;
		};
		B1A00000000000000000000A /* Release */ = {
			isa = XCBuildConfiguration;
			buildSettings = {
				ASSETCATALOG_COMPILER_APPICON_NAME = AppIcon;
				CODE_SIGNING_ALLOWED = NO;
				CODE_SIGN_STYLE = Automatic;
				CURRENT_PROJECT_VERSION = 1;
				GENERATE_INFOPLIST_FILE = YES;
				LD_RUNPATH_SEARCH_PATHS = (
					"$(inherited)",
					"@executable_path/../Frameworks",
				);
				MACOSX_DEPLOYMENT_TARGET = 13.0;
				MARKETING_VERSION = 1.0.0;
				PRODUCT_BUNDLE_IDENTIFIER = com.daxmate.qqplayer.macos;
				PRODUCT_NAME = "$(TARGET_NAME)";
				SDKROOT = macosx;
				SUPPORTED_PLATFORMS = macosx;
				SWIFT_EMIT_LOC_STRINGS = NO;
				SWIFT_OBJC_BRIDGING_HEADER = "QQPlayer/QQPlayer-Bridging-Header.h";
				SWIFT_VERSION = 5.0;
			};
			name = Release;
		};
		BF2870FC9D517084CB7D697D /* Debug */ = {
			isa = XCBuildConfiguration;
			buildSettings = {
				BUNDLE_LOADER = "$(TEST_HOST)";
				CLANG_ENABLE_OBJC_WEAK = NO;
				CODE_SIGN_STYLE = Automatic;
				DEVELOPMENT_TEAM = B6FA37AYT5;
				GENERATE_INFOPLIST_FILE = YES;
				IPHONEOS_DEPLOYMENT_TARGET = 18.5;
				LD_RUNPATH_SEARCH_PATHS = (
					"$(inherited)",
					"@executable_path/Frameworks",
					"@loader_path/Frameworks",
				);
				PRODUCT_BUNDLE_IDENTIFIER = com.daxmate.qqplayer.ios.tests;
				PRODUCT_NAME = "$(TARGET_NAME)";
				SDKROOT = iphoneos;
				SUPPORTED_PLATFORMS = "iphoneos iphonesimulator";
				SUPPORTS_MACCATALYST = NO;
				SUPPORTS_MAC_DESIGNED_FOR_IPHONE_IPAD = NO;
				SUPPORTS_XR_DESIGNED_FOR_IPHONE_IPAD = NO;
				SWIFT_EMIT_LOC_STRINGS = NO;
				SWIFT_VERSION = 6.0;
				TARGETED_DEVICE_FAMILY = "1,2";
				TEST_HOST = "$(BUILT_PRODUCTS_DIR)/QQPlayer.app/$(BUNDLE_EXECUTABLE_FOLDER_PATH)/QQPlayer";
			};
			name = Debug;
		};
		FACB615D6D5AD010E4B81CB5 /* Release */ = {
			isa = XCBuildConfiguration;
			buildSettings = {
				BUNDLE_LOADER = "$(TEST_HOST)";
				CLANG_ENABLE_OBJC_WEAK = NO;
				CODE_SIGN_STYLE = Automatic;
				DEVELOPMENT_TEAM = B6FA37AYT5;
				GENERATE_INFOPLIST_FILE = YES;
				IPHONEOS_DEPLOYMENT_TARGET = 18.5;
				LD_RUNPATH_SEARCH_PATHS = (
					"$(inherited)",
					"@executable_path/Frameworks",
					"@loader_path/Frameworks",
				);
				PRODUCT_BUNDLE_IDENTIFIER = com.daxmate.qqplayer.ios.tests;
				PRODUCT_NAME = "$(TARGET_NAME)";
				SDKROOT = iphoneos;
				SUPPORTED_PLATFORMS = "iphoneos iphonesimulator";
				SUPPORTS_MACCATALYST = NO;
				SUPPORTS_MAC_DESIGNED_FOR_IPHONE_IPAD = NO;
				SUPPORTS_XR_DESIGNED_FOR_IPHONE_IPAD = NO;
				SWIFT_EMIT_LOC_STRINGS = NO;
				SWIFT_VERSION = 6.0;
				TARGETED_DEVICE_FAMILY = "1,2";
				TEST_HOST = "$(BUILT_PRODUCTS_DIR)/QQPlayer.app/$(BUNDLE_EXECUTABLE_FOLDER_PATH)/QQPlayer";
				VALIDATE_PRODUCT = YES;
			};
			name = Release;
		};
/* End XCBuildConfiguration section */

/* Begin XCConfigurationList section */
		2312D6072E6090E2007F756D /* Build configuration list for PBXProject "QQPlayer" */ = {
			isa = XCConfigurationList;
			buildConfigurations = (
				2312D6152E6090E3007F756D /* Debug */,
				2312D6162E6090E3007F756D /* Release */,
			);
			defaultConfigurationIsVisible = 0;
			defaultConfigurationName = Release;
		};
		2312D6172E6090E3007F756D /* Build configuration list for PBXNativeTarget "QQPlayer" */ = {
			isa = XCConfigurationList;
			buildConfigurations = (
				2312D6182E6090E3007F756D /* Debug */,
				2312D6192E6090E3007F756D /* Release */,
			);
			defaultConfigurationIsVisible = 0;
			defaultConfigurationName = Release;
		};
		239B24912EE59BED009F83F1 /* Build configuration list for PBXNativeTarget "PlayerWidgetExtension" */ = {
			isa = XCConfigurationList;
			buildConfigurations = (
				239B24922EE59BED009F83F1 /* Debug */,
				239B24932EE59BED009F83F1 /* Release */,
			);
			defaultConfigurationIsVisible = 0;
			defaultConfigurationName = Release;
		};
		23AF81402E71E15D0005527C /* Build configuration list for PBXNativeTarget "Share" */ = {
			isa = XCConfigurationList;
			buildConfigurations = (
				23AF81412E71E15D0005527C /* Debug */,
				23AF81422E71E15D0005527C /* Release */,
			);
			defaultConfigurationIsVisible = 0;
			defaultConfigurationName = Release;
		};
		23C312E52E78015500342F7C /* Build configuration list for PBXNativeTarget "SiriIntentsExtension" */ = {
			isa = XCConfigurationList;
			buildConfigurations = (
				23C312E62E78015500342F7C /* Debug */,
				23C312E72E78015500342F7C /* Release */,
			);
			defaultConfigurationIsVisible = 0;
			defaultConfigurationName = Release;
		};
		6F97FE05E1DC10781BC8C989 /* Build configuration list for PBXNativeTarget "QQPlayerTests" */ = {
			isa = XCConfigurationList;
			buildConfigurations = (
				FACB615D6D5AD010E4B81CB5 /* Release */,
				BF2870FC9D517084CB7D697D /* Debug */,
			);
			defaultConfigurationIsVisible = 0;
			defaultConfigurationName = Release;
		};
		7E57AB1E0000000000000007 /* Build configuration list for PBXNativeTarget "QQPlayerSiriTests" */ = {
			isa = XCConfigurationList;
			buildConfigurations = (
				7E57AB1E0000000000000008 /* Debug */,
				7E57AB1E0000000000000009 /* Release */,
			);
			defaultConfigurationIsVisible = 0;
			defaultConfigurationName = Release;
		};
		B1A000000000000000000008 /* Build configuration list for PBXNativeTarget "QQPlayerMac" */ = {
			isa = XCConfigurationList;
			buildConfigurations = (
				B1A000000000000000000009 /* Debug */,
				B1A00000000000000000000A /* Release */,
			);
			defaultConfigurationIsVisible = 0;
			defaultConfigurationName = Release;
		};
/* End XCConfigurationList section */

/* Begin XCRemoteSwiftPackageReference section */
		230D66352E894889007C642A /* XCRemoteSwiftPackageReference "SFBAudioEngine" */ = {
			isa = XCRemoteSwiftPackageReference;
			repositoryURL = "https://github.com/sbooth/SFBAudioEngine";
			requirement = {
				kind = exactVersion;
				version = 0.13.0;
			};
		};
		2312D6182E6090E4007F756D /* XCRemoteSwiftPackageReference "GRDB" */ = {
			isa = XCRemoteSwiftPackageReference;
			repositoryURL = "https://github.com/groue/GRDB.swift";
			requirement = {
				kind = upToNextMajorVersion;
				minimumVersion = 6.29.2;
			};
		};
/* End XCRemoteSwiftPackageReference section */

/* Begin XCSwiftPackageProductDependency section */
		230D66362E894889007C642A /* SFBAudioEngine */ = {
			isa = XCSwiftPackageProductDependency;
			package = 230D66352E894889007C642A /* XCRemoteSwiftPackageReference "SFBAudioEngine" */;
			productName = SFBAudioEngine;
		};
		2312D6192E6090E4007F756D /* GRDB */ = {
			isa = XCSwiftPackageProductDependency;
			package = 2312D6182E6090E4007F756D /* XCRemoteSwiftPackageReference "GRDB" */;
			productName = GRDB;
		};
		23C312EB2E7806AB00342F7C /* GRDB */ = {
			isa = XCSwiftPackageProductDependency;
			package = 2312D6182E6090E4007F756D /* XCRemoteSwiftPackageReference "GRDB" */;
			productName = GRDB;
		};
/* End XCSwiftPackageProductDependency section */
	};
	rootObject = 2312D6042E6090E2007F756D /* Project object */;
}
